PODS:
  - Alamofire (5.8.1)
  - FloatingPanel (2.8.0)
  - Kingfisher (7.10.0)
  - Moya (15.0.0):
    - Moya/Core (= 15.0.0)
  - Moya/Core (15.0.0):
    - Alamofire (~> 5.0)
  - SnapKit (5.6.0)
  - Then (3.0.0)

DEPENDENCIES:
  - Alamofire
  - FloatingPanel
  - Kingfisher
  - Moya
  - SnapKit
  - Then

SPEC REPOS:
  trunk:
    - Alamofire
    - FloatingPanel
    - Kingfisher
    - Moya
    - SnapKit
    - Then

SPEC CHECKSUMS:
  Alamofire: 3ca42e259043ee0dc5c0cdd76c4bc568b8e42af7
  FloatingPanel: f585be005983e66f8f4932f93ca46bf9f09dae3a
  Kingfisher: a18f05d3b6d37d8650ee4a3e61d57a28fc6207f6
  Moya: 138f0573e53411fb3dc17016add0b748dfbd78ee
  SnapKit: e01d52ebb8ddbc333eefe2132acf85c8227d9c25
  Then: 844265ae87834bbe1147d91d5d41a404da2ec27d

PODFILE CHECKSUM: 1ee384b51d909d9893f66404e70ccbbf729b5b61

COCOAPODS: 1.12.0
