// !$*UTF8*$!
{
	archiveVersion = 1;
	classes = {
	};
	objectVersion = 56;
	objects = {

/* Begin PBXBuildFile section */
		411FD826C5A9F974087EAC6B /* Pods_BookjamTests.framework in Frameworks */ = {isa = PBXBuildFile; fileRef = 47ED49659B4E111FDC84ECA9 /* Pods_BookjamTests.framework */; };
		4F360426894B4364D871ACEA /* Pods_Bookjam.framework in Frameworks */ = {isa = PBXBuildFile; fileRef = 75444A0A19CD8D859E3F0FFE /* Pods_Bookjam.framework */; };
		941177052A79727200847F26 /* BookStoreDetailHomeView.swift in Sources */ = {isa = PBXBuildFile; fileRef = 941176FF2A79727200847F26 /* BookStoreDetailHomeView.swift */; };
		9411770B2A7984A100847F26 /* BookStoreDetailNewsView.swift in Sources */ = {isa = PBXBuildFile; fileRef = DDF844792A7659FA0035D112 /* BookStoreDetailNewsView.swift */; };
		9411770C2A7984A500847F26 /* BookStoreDetailReviewView.swift in Sources */ = {isa = PBXBuildFile; fileRef = DDF8447D2A765A460035D112 /* BookStoreDetailReviewView.swift */; };
		9411770F2A7A939D00847F26 /* MainPageBookStoreTableViewCell.swift in Sources */ = {isa = PBXBuildFile; fileRef = 9411770E2A7A939D00847F26 /* MainPageBookStoreTableViewCell.swift */; };
		941177112A7EC81500847F26 /* BookStoreMain.swift in Sources */ = {isa = PBXBuildFile; fileRef = 941177102A7EC81500847F26 /* BookStoreMain.swift */; };
		941177132A82705800847F26 /* ActivityParticipateCollectionViewCell.swift in Sources */ = {isa = PBXBuildFile; fileRef = 941177122A82705800847F26 /* ActivityParticipateCollectionViewCell.swift */; };
		941177172A83381E00847F26 /* MyRecordBookStoreView.swift in Sources */ = {isa = PBXBuildFile; fileRef = 941177162A83381E00847F26 /* MyRecordBookStoreView.swift */; };
		941177192A83826B00847F26 /* MyReviewBookStoreView.swift in Sources */ = {isa = PBXBuildFile; fileRef = 941177182A83826B00847F26 /* MyReviewBookStoreView.swift */; };
		9411771B2A83BFC400847F26 /* ActivityFrameView.swift in Sources */ = {isa = PBXBuildFile; fileRef = 9411771A2A83BFC400847F26 /* ActivityFrameView.swift */; };
		9411771D2A84F6C400847F26 /* LikeActivityBookStoreView.swift in Sources */ = {isa = PBXBuildFile; fileRef = 9411771C2A84F6C400847F26 /* LikeActivityBookStoreView.swift */; };
		9411771E2A85298200847F26 /* EmailDuplicate.swift in Sources */ = {isa = PBXBuildFile; fileRef = DD33A2FE2A83755900D4D7C3 /* EmailDuplicate.swift */; };
		941177212A8A117100847F26 /* GetPlaces.swift in Sources */ = {isa = PBXBuildFile; fileRef = 941177202A8A117100847F26 /* GetPlaces.swift */; };
		941177252A8A295000847F26 /* SingUp.swift in Sources */ = {isa = PBXBuildFile; fileRef = 941177242A8A295000847F26 /* SingUp.swift */; };
		941A30FE2A6260D0008152CC /* Onboarding03VC.swift in Sources */ = {isa = PBXBuildFile; fileRef = 941A30FD2A6260D0008152CC /* Onboarding03VC.swift */; };
		941A31012A6A8DCA008152CC /* UserInfo.swift in Sources */ = {isa = PBXBuildFile; fileRef = 941A31002A6A8DCA008152CC /* UserInfo.swift */; };
		9423934F2A8B61DC000E46BF /* KeywordSearch.swift in Sources */ = {isa = PBXBuildFile; fileRef = 9423934E2A8B61DC000E46BF /* KeywordSearch.swift */; };
		947ED65F2A8E44250037FB38 /* PlaceId.swift in Sources */ = {isa = PBXBuildFile; fileRef = 947ED65E2A8E44250037FB38 /* PlaceId.swift */; };
		947ED6612A8F8D030037FB38 /* PlaceIdNews.swift in Sources */ = {isa = PBXBuildFile; fileRef = 947ED6602A8F8D030037FB38 /* PlaceIdNews.swift */; };
		947ED6632A90DA970037FB38 /* PlaceIdBooks.swift in Sources */ = {isa = PBXBuildFile; fileRef = 947ED6622A90DA970037FB38 /* PlaceIdBooks.swift */; };
		947ED6652A90DCC10037FB38 /* PlaceIdActivities.swift in Sources */ = {isa = PBXBuildFile; fileRef = 947ED6642A90DCC10037FB38 /* PlaceIdActivities.swift */; };
		947ED6672A9162DE0037FB38 /* PlaceIdReviews.swift in Sources */ = {isa = PBXBuildFile; fileRef = 947ED6662A9162DE0037FB38 /* PlaceIdReviews.swift */; };
		947ED6692A9394310037FB38 /* MainPageInfoViewController.swift in Sources */ = {isa = PBXBuildFile; fileRef = 947ED6682A9394310037FB38 /* MainPageInfoViewController.swift */; };
		94D658F82A712FF300E7F183 /* MainPageVC.swift in Sources */ = {isa = PBXBuildFile; fileRef = 94D658F72A712FF300E7F183 /* MainPageVC.swift */; };
		94D658FE2A71653A00E7F183 /* LocationPageVC.swift in Sources */ = {isa = PBXBuildFile; fileRef = 94D658FD2A71653A00E7F183 /* LocationPageVC.swift */; };
		94D659012A7165AB00E7F183 /* MyPageVC.swift in Sources */ = {isa = PBXBuildFile; fileRef = 94D659002A7165AB00E7F183 /* MyPageVC.swift */; };
		94D659052A76BFE800E7F183 /* FeedPageVC.swift in Sources */ = {isa = PBXBuildFile; fileRef = 94D659042A76BFE800E7F183 /* FeedPageVC.swift */; };
		A850162687B812BE16F67757 /* Pods_Bookjam_BookjamUITests.framework in Frameworks */ = {isa = PBXBuildFile; fileRef = 9EA7E41F969523A177659D68 /* Pods_Bookjam_BookjamUITests.framework */; };
		DD0148012A9DD5E20014196D /* SUIT-Variable.ttf in Resources */ = {isa = PBXBuildFile; fileRef = DD0148002A9DD5E20014196D /* SUIT-Variable.ttf */; };
		DD1022412A82C94000F74CC6 /* APIModel.swift in Sources */ = {isa = PBXBuildFile; fileRef = DD1022402A82C94000F74CC6 /* APIModel.swift */; };
		DD2A4E032A8E1B7200D7A6B8 /* RecommendFriend.swift in Sources */ = {isa = PBXBuildFile; fileRef = DD2A4E022A8E1B7200D7A6B8 /* RecommendFriend.swift */; };
		DD2D1A082A81D4D8003AEEA6 /* UserPageVC.swift in Sources */ = {isa = PBXBuildFile; fileRef = DD2D1A072A81D4D8003AEEA6 /* UserPageVC.swift */; };
		DD2D1A0A2A81EF8A003AEEA6 /* ChangeProfileVC.swift in Sources */ = {isa = PBXBuildFile; fileRef = DD2D1A092A81EF8A003AEEA6 /* ChangeProfileVC.swift */; };
		DD33A2FC2A8373EC00D4D7C3 /* APIConstant.swift in Sources */ = {isa = PBXBuildFile; fileRef = DD33A2FB2A8373EC00D4D7C3 /* APIConstant.swift */; };
		DD33A3012A8380D000D4D7C3 /* SearchFriend.swift in Sources */ = {isa = PBXBuildFile; fileRef = DD33A3002A8380D000D4D7C3 /* SearchFriend.swift */; };
		DD35407B2A83BC0900B5A9A3 /* LoginVC.swift in Sources */ = {isa = PBXBuildFile; fileRef = DD35407A2A83BC0900B5A9A3 /* LoginVC.swift */; };
		DD38CFBD2A59993400D32B00 /* AppDelegate.swift in Sources */ = {isa = PBXBuildFile; fileRef = DD38CFBC2A59993400D32B00 /* AppDelegate.swift */; };
		DD38CFBF2A59993400D32B00 /* SceneDelegate.swift in Sources */ = {isa = PBXBuildFile; fileRef = DD38CFBE2A59993400D32B00 /* SceneDelegate.swift */; };
		DD38CFC12A59993400D32B00 /* ViewController.swift in Sources */ = {isa = PBXBuildFile; fileRef = DD38CFC02A59993400D32B00 /* ViewController.swift */; };
		DD38CFC62A59993400D32B00 /* Assets.xcassets in Resources */ = {isa = PBXBuildFile; fileRef = DD38CFC52A59993400D32B00 /* Assets.xcassets */; };
		DD38CFC92A59993400D32B00 /* LaunchScreen.storyboard in Resources */ = {isa = PBXBuildFile; fileRef = DD38CFC72A59993400D32B00 /* LaunchScreen.storyboard */; };
		DD38CFD42A59993400D32B00 /* BookjamTests.swift in Sources */ = {isa = PBXBuildFile; fileRef = DD38CFD32A59993400D32B00 /* BookjamTests.swift */; };
		DD38CFDE2A59993400D32B00 /* BookjamUITests.swift in Sources */ = {isa = PBXBuildFile; fileRef = DD38CFDD2A59993400D32B00 /* BookjamUITests.swift */; };
		DD38CFE02A59993400D32B00 /* BookjamUITestsLaunchTests.swift in Sources */ = {isa = PBXBuildFile; fileRef = DD38CFDF2A59993400D32B00 /* BookjamUITestsLaunchTests.swift */; };
		DD3A22132A7CD0E400E7B423 /* NewsTableViewCell.swift in Sources */ = {isa = PBXBuildFile; fileRef = DD3A22122A7CD0E400E7B423 /* NewsTableViewCell.swift */; };
		DD48893F2A6FAE8D00F878C0 /* FriendInfo.swift in Sources */ = {isa = PBXBuildFile; fileRef = DD48893E2A6FAE8D00F878C0 /* FriendInfo.swift */; };
		DD4889412A6FB2C800F878C0 /* FriendInfoTableViewCell.swift in Sources */ = {isa = PBXBuildFile; fileRef = DD4889402A6FB2C800F878C0 /* FriendInfoTableViewCell.swift */; };
		DD4E84752A7EA2C4004E373E /* BookListCollectionViewCell.swift in Sources */ = {isa = PBXBuildFile; fileRef = DD4E84742A7EA2C4004E373E /* BookListCollectionViewCell.swift */; };
		DD52B0402A829B9400A5E3A3 /* APIManager.swift in Sources */ = {isa = PBXBuildFile; fileRef = DD52B03F2A829B9400A5E3A3 /* APIManager.swift */; };
		DD58E6142A760A0A0026BEE1 /* ColorData.swift in Sources */ = {isa = PBXBuildFile; fileRef = DD58E6132A760A0A0026BEE1 /* ColorData.swift */; };
		DD58E6162A760CA40026BEE1 /* FontData.swift in Sources */ = {isa = PBXBuildFile; fileRef = DD58E6152A760CA40026BEE1 /* FontData.swift */; };
		DD7994282A89F4610066CFB7 /* FeedPostTableViewCell.swift in Sources */ = {isa = PBXBuildFile; fileRef = DD7994272A89F4610066CFB7 /* FeedPostTableViewCell.swift */; };
		DD79942A2A89F4850066CFB7 /* TableViewCell.swift in Sources */ = {isa = PBXBuildFile; fileRef = DD7994292A89F4850066CFB7 /* TableViewCell.swift */; };
		DD79942C2A8A0C770066CFB7 /* UserSearchPageVC.swift in Sources */ = {isa = PBXBuildFile; fileRef = DD79942B2A8A0C770066CFB7 /* UserSearchPageVC.swift */; };
		DD79942E2A8A0E8C0066CFB7 /* FeedUserTableViewCell.swift in Sources */ = {isa = PBXBuildFile; fileRef = DD79942D2A8A0E8C0066CFB7 /* FeedUserTableViewCell.swift */; };
		DD7994302A8A2EEF0066CFB7 /* BookPostDetailVC.swift in Sources */ = {isa = PBXBuildFile; fileRef = DD79942F2A8A2EEF0066CFB7 /* BookPostDetailVC.swift */; };
		DD7994322A8A36AF0066CFB7 /* ReviewTableViewCell.swift in Sources */ = {isa = PBXBuildFile; fileRef = DD7994312A8A36AF0066CFB7 /* ReviewTableViewCell.swift */; };
		DD81DB602A7BC21900E8DD42 /* ReviewInfo.swift in Sources */ = {isa = PBXBuildFile; fileRef = DD81DB5F2A7BC21900E8DD42 /* ReviewInfo.swift */; };
		DD81DB622A7BDC8B00E8DD42 /* ActivityInfo.swift in Sources */ = {isa = PBXBuildFile; fileRef = DD81DB612A7BDC8B00E8DD42 /* ActivityInfo.swift */; };
		DD81DB642A7BED1600E8DD42 /* ActivityTableViewCell.swift in Sources */ = {isa = PBXBuildFile; fileRef = DD81DB632A7BED1600E8DD42 /* ActivityTableViewCell.swift */; };
		DD829C4B2A84D96E00B22754 /* BookStoreActvityDetailVC.swift in Sources */ = {isa = PBXBuildFile; fileRef = DD829C4A2A84D96E00B22754 /* BookStoreActvityDetailVC.swift */; };
		DD829C4D2A85045E00B22754 /* BookStoreReviewDetailVC.swift in Sources */ = {isa = PBXBuildFile; fileRef = DD829C4C2A85045E00B22754 /* BookStoreReviewDetailVC.swift */; };
		DD9212A82A88A41D00EE6863 /* SearchEnterResultVC.swift in Sources */ = {isa = PBXBuildFile; fileRef = DD9212A72A88A41D00EE6863 /* SearchEnterResultVC.swift */; };
		DD98D56F2A7AE44E002CCD4F /* VisitReviewTableViewCell.swift in Sources */ = {isa = PBXBuildFile; fileRef = DD98D56E2A7AE44E002CCD4F /* VisitReviewTableViewCell.swift */; };
		DDAECC1F2A90DEB300B3D676 /* ReviewContent.swift in Sources */ = {isa = PBXBuildFile; fileRef = DDAECC1E2A90DEB300B3D676 /* ReviewContent.swift */; };
		DDAECC212A91DFFB00B3D676 /* ReviewImage.swift in Sources */ = {isa = PBXBuildFile; fileRef = DDAECC202A91DFFB00B3D676 /* ReviewImage.swift */; };
		DDAECC222A924AD600B3D676 /* BookStoreChoiceDateVC.swift in Sources */ = {isa = PBXBuildFile; fileRef = DDCBC11F2A8638AE00694CBD /* BookStoreChoiceDateVC.swift */; };
		DDAECC242A931C2C00B3D676 /* BookSearchTableViewCell.swift in Sources */ = {isa = PBXBuildFile; fileRef = DDAECC232A931C2C00B3D676 /* BookSearchTableViewCell.swift */; };
		DDAECC262A9321F900B3D676 /* BooksList.swift in Sources */ = {isa = PBXBuildFile; fileRef = DDAECC252A9321F900B3D676 /* BooksList.swift */; };
		DDAECC282A9334E300B3D676 /* RecordImages.swift in Sources */ = {isa = PBXBuildFile; fileRef = DDAECC272A9334E300B3D676 /* RecordImages.swift */; };
		DDAECC2A2A934E1100B3D676 /* UsersOutline.swift in Sources */ = {isa = PBXBuildFile; fileRef = DDAECC292A934E1100B3D676 /* UsersOutline.swift */; };
		DDAECC2C2A93591700B3D676 /* UsersActivities.swift in Sources */ = {isa = PBXBuildFile; fileRef = DDAECC2B2A93591700B3D676 /* UsersActivities.swift */; };
		DDAECC2E2A93625900B3D676 /* UsersReviews.swift in Sources */ = {isa = PBXBuildFile; fileRef = DDAECC2D2A93625900B3D676 /* UsersReviews.swift */; };
		DDAECC302A93744800B3D676 /* UsersRecords.swift in Sources */ = {isa = PBXBuildFile; fileRef = DDAECC2F2A93744800B3D676 /* UsersRecords.swift */; };
		DDAECC322A93EA2B00B3D676 /* RecommendFriendPopUpVC.swift in Sources */ = {isa = PBXBuildFile; fileRef = DDAECC312A93EA2B00B3D676 /* RecommendFriendPopUpVC.swift */; };
		DDB0F2CB2A8801D7005A8316 /* VisitReviewPhotoCollectionViewCell.swift in Sources */ = {isa = PBXBuildFile; fileRef = DDB0F2CA2A8801D7005A8316 /* VisitReviewPhotoCollectionViewCell.swift */; };
		DDB0F2CD2A88751A005A8316 /* Login.swift in Sources */ = {isa = PBXBuildFile; fileRef = DDB0F2CC2A88751A005A8316 /* Login.swift */; };
		DDB0F2D32A8897E3005A8316 /* SearchPageVC.swift in Sources */ = {isa = PBXBuildFile; fileRef = DDB0F2D22A8897E3005A8316 /* SearchPageVC.swift */; };
		DDB0F2D62A8899E8005A8316 /* SearchResultTableViewCell.swift in Sources */ = {isa = PBXBuildFile; fileRef = DDB0F2D52A8899E8005A8316 /* SearchResultTableViewCell.swift */; };
		DDB9074C2A73B0A6000A24F0 /* BookstoreDetailPageVC.swift in Sources */ = {isa = PBXBuildFile; fileRef = DDB9074B2A73B0A6000A24F0 /* BookstoreDetailPageVC.swift */; };
		DDC090142A790B7F00CDCC8A /* BookListTableViewCell.swift in Sources */ = {isa = PBXBuildFile; fileRef = DDC090132A790B7F00CDCC8A /* BookListTableViewCell.swift */; };
		DDC090182A79225300CDCC8A /* NewsInfo.swift in Sources */ = {isa = PBXBuildFile; fileRef = DDC090172A79225300CDCC8A /* NewsInfo.swift */; };
		DDC0901A2A79226F00CDCC8A /* BookInfo.swift in Sources */ = {isa = PBXBuildFile; fileRef = DDC090192A79226F00CDCC8A /* BookInfo.swift */; };
		DDC445072A80D10B000FE1C7 /* UIViewController+.swift in Sources */ = {isa = PBXBuildFile; fileRef = DDC445062A80D10B000FE1C7 /* UIViewController+.swift */; };
		DDC445092A80D1A5000FE1C7 /* UIScrollView+.swift in Sources */ = {isa = PBXBuildFile; fileRef = DDC445082A80D1A5000FE1C7 /* UIScrollView+.swift */; };
		DDC4450B2A80D231000FE1C7 /* UIImage+.swift in Sources */ = {isa = PBXBuildFile; fileRef = DDC4450A2A80D231000FE1C7 /* UIImage+.swift */; };
		DDC4450D2A80E0BE000FE1C7 /* UIColor+.swift in Sources */ = {isa = PBXBuildFile; fileRef = DDC4450C2A80E0BE000FE1C7 /* UIColor+.swift */; };
		DDC4450F2A80E1E0000FE1C7 /* UIView+.swift in Sources */ = {isa = PBXBuildFile; fileRef = DDC4450E2A80E1E0000FE1C7 /* UIView+.swift */; };
		DDC6EA972A6142EB00C4B127 /* Onboarding04VC.swift in Sources */ = {isa = PBXBuildFile; fileRef = DDC6EA962A6142EB00C4B127 /* Onboarding04VC.swift */; };
		DDC6EA9C2A61A42600C4B127 /* Onboarding06VC.swift in Sources */ = {isa = PBXBuildFile; fileRef = DDC6EA9B2A61A42600C4B127 /* Onboarding06VC.swift */; };
		DDC6EA9E2A61AA3000C4B127 /* Onboarding07VC.swift in Sources */ = {isa = PBXBuildFile; fileRef = DDC6EA9D2A61AA3000C4B127 /* Onboarding07VC.swift */; };
		DDC6EAA02A61B0B500C4B127 /* Onboarding08VC.swift in Sources */ = {isa = PBXBuildFile; fileRef = DDC6EA9F2A61B0B500C4B127 /* Onboarding08VC.swift */; };
		DDC6EAA22A61B38E00C4B127 /* Onboarding09VC.swift in Sources */ = {isa = PBXBuildFile; fileRef = DDC6EAA12A61B38E00C4B127 /* Onboarding09VC.swift */; };
		DDCBC1242A865A7000694CBD /* BookStoreWriteReviewVC.swift in Sources */ = {isa = PBXBuildFile; fileRef = DDCBC1232A865A7000694CBD /* BookStoreWriteReviewVC.swift */; };
		DDD5DAB62A7DD40D0052C3EB /* TabBarController.swift in Sources */ = {isa = PBXBuildFile; fileRef = DDD5DAB52A7DD40D0052C3EB /* TabBarController.swift */; };
		DDD5DAB82A7E539C0052C3EB /* BookStorePhotoCollectionViewCell.swift in Sources */ = {isa = PBXBuildFile; fileRef = DDD5DAB72A7E539C0052C3EB /* BookStorePhotoCollectionViewCell.swift */; };
		DDD74A8A2A8B41EF008C999F /* FeedPostPageVC.swift in Sources */ = {isa = PBXBuildFile; fileRef = DDD74A892A8B41EF008C999F /* FeedPostPageVC.swift */; };
		DDD74A8C2A8B9FA2008C999F /* SearchPlacePopUpVC.swift in Sources */ = {isa = PBXBuildFile; fileRef = DDD74A8B2A8B9FA2008C999F /* SearchPlacePopUpVC.swift */; };
		DDD74A8E2A8BC9EB008C999F /* Token.swift in Sources */ = {isa = PBXBuildFile; fileRef = DDD74A8D2A8BC9EB008C999F /* Token.swift */; };
		DDD74A902A8BDD6A008C999F /* PlaceSearchTableViewCell.swift in Sources */ = {isa = PBXBuildFile; fileRef = DDD74A8F2A8BDD6A008C999F /* PlaceSearchTableViewCell.swift */; };
		DDD74A922A8BF3B8008C999F /* SelectVisitDatePopUpVC.swift in Sources */ = {isa = PBXBuildFile; fileRef = DDD74A912A8BF3B8008C999F /* SelectVisitDatePopUpVC.swift */; };
		DDD74A942A8C0AA7008C999F /* SearchBookPopUpVC.swift in Sources */ = {isa = PBXBuildFile; fileRef = DDD74A932A8C0AA7008C999F /* SearchBookPopUpVC.swift */; };
		DDD74A962A8C156D008C999F /* SearchActivityPopUpVC.swift in Sources */ = {isa = PBXBuildFile; fileRef = DDD74A952A8C156D008C999F /* SearchActivityPopUpVC.swift */; };
		DDD74A982A8C1814008C999F /* FeedPostCheckPopUpVC.swift in Sources */ = {isa = PBXBuildFile; fileRef = DDD74A972A8C1814008C999F /* FeedPostCheckPopUpVC.swift */; };
		DDD74A9A2A8C1F1B008C999F /* Record.swift in Sources */ = {isa = PBXBuildFile; fileRef = DDD74A992A8C1F1B008C999F /* Record.swift */; };
		DDDBBF632A811CF500B2C2C9 /* BookStoreDetailActivityView.swift in Sources */ = {isa = PBXBuildFile; fileRef = DDF8447B2A765A320035D112 /* BookStoreDetailActivityView.swift */; };
		DDDD436C2A5AD5140093CBD1 /* Onboarding01VC.swift in Sources */ = {isa = PBXBuildFile; fileRef = DDDD436B2A5AD5140093CBD1 /* Onboarding01VC.swift */; };
		DDE516E52A9486E40023C70C /* RecordFriend.swift in Sources */ = {isa = PBXBuildFile; fileRef = DDE516E42A9486E40023C70C /* RecordFriend.swift */; };
		DDE964252A639D5E00AEF810 /* Onboarding05VC.swift in Sources */ = {isa = PBXBuildFile; fileRef = DDE964242A639D5E00AEF810 /* Onboarding05VC.swift */; };
		DDF844802A765A610035D112 /* BookStoreDetailBookListView.swift in Sources */ = {isa = PBXBuildFile; fileRef = DDF8447F2A765A610035D112 /* BookStoreDetailBookListView.swift */; };
		DDFFD9E32A7F66280095F76A /* BookActivityCollectionViewCell.swift in Sources */ = {isa = PBXBuildFile; fileRef = DDFFD9E22A7F66280095F76A /* BookActivityCollectionViewCell.swift */; };
/* End PBXBuildFile section */

/* Begin PBXContainerItemProxy section */
		DD38CFD02A59993400D32B00 /* PBXContainerItemProxy */ = {
			isa = PBXContainerItemProxy;
			containerPortal = DD38CFB12A59993400D32B00 /* Project object */;
			proxyType = 1;
			remoteGlobalIDString = DD38CFB82A59993400D32B00;
			remoteInfo = Bookjam;
		};
		DD38CFDA2A59993400D32B00 /* PBXContainerItemProxy */ = {
			isa = PBXContainerItemProxy;
			containerPortal = DD38CFB12A59993400D32B00 /* Project object */;
			proxyType = 1;
			remoteGlobalIDString = DD38CFB82A59993400D32B00;
			remoteInfo = Bookjam;
		};
/* End PBXContainerItemProxy section */

/* Begin PBXFileReference section */
		36512DFE3D67D88B20E57B9E /* Pods-Bookjam-BookjamUITests.debug.xcconfig */ = {isa = PBXFileReference; includeInIndex = 1; lastKnownFileType = text.xcconfig; name = "Pods-Bookjam-BookjamUITests.debug.xcconfig"; path = "Target Support Files/Pods-Bookjam-BookjamUITests/Pods-Bookjam-BookjamUITests.debug.xcconfig"; sourceTree = "<group>"; };
		47ED49659B4E111FDC84ECA9 /* Pods_BookjamTests.framework */ = {isa = PBXFileReference; explicitFileType = wrapper.framework; includeInIndex = 0; path = Pods_BookjamTests.framework; sourceTree = BUILT_PRODUCTS_DIR; };
		6CF20512EC3BB55ACCE6EF83 /* Pods-Bookjam.release.xcconfig */ = {isa = PBXFileReference; includeInIndex = 1; lastKnownFileType = text.xcconfig; name = "Pods-Bookjam.release.xcconfig"; path = "Target Support Files/Pods-Bookjam/Pods-Bookjam.release.xcconfig"; sourceTree = "<group>"; };
		6F687D70DC26FAB7B740C979 /* Pods-Bookjam-BookjamUITests.release.xcconfig */ = {isa = PBXFileReference; includeInIndex = 1; lastKnownFileType = text.xcconfig; name = "Pods-Bookjam-BookjamUITests.release.xcconfig"; path = "Target Support Files/Pods-Bookjam-BookjamUITests/Pods-Bookjam-BookjamUITests.release.xcconfig"; sourceTree = "<group>"; };
		75444A0A19CD8D859E3F0FFE /* Pods_Bookjam.framework */ = {isa = PBXFileReference; explicitFileType = wrapper.framework; includeInIndex = 0; path = Pods_Bookjam.framework; sourceTree = BUILT_PRODUCTS_DIR; };
		8D5C2379B29DA2D1BF353C4F /* Pods-BookjamTests.debug.xcconfig */ = {isa = PBXFileReference; includeInIndex = 1; lastKnownFileType = text.xcconfig; name = "Pods-BookjamTests.debug.xcconfig"; path = "Target Support Files/Pods-BookjamTests/Pods-BookjamTests.debug.xcconfig"; sourceTree = "<group>"; };
		941176FF2A79727200847F26 /* BookStoreDetailHomeView.swift */ = {isa = PBXFileReference; fileEncoding = 4; lastKnownFileType = sourcecode.swift; path = BookStoreDetailHomeView.swift; sourceTree = "<group>"; };
		9411770E2A7A939D00847F26 /* MainPageBookStoreTableViewCell.swift */ = {isa = PBXFileReference; lastKnownFileType = sourcecode.swift; path = MainPageBookStoreTableViewCell.swift; sourceTree = "<group>"; };
		941177102A7EC81500847F26 /* BookStoreMain.swift */ = {isa = PBXFileReference; lastKnownFileType = sourcecode.swift; path = BookStoreMain.swift; sourceTree = "<group>"; };
		941177122A82705800847F26 /* ActivityParticipateCollectionViewCell.swift */ = {isa = PBXFileReference; lastKnownFileType = sourcecode.swift; path = ActivityParticipateCollectionViewCell.swift; sourceTree = "<group>"; };
		941177162A83381E00847F26 /* MyRecordBookStoreView.swift */ = {isa = PBXFileReference; lastKnownFileType = sourcecode.swift; path = MyRecordBookStoreView.swift; sourceTree = "<group>"; };
		941177182A83826B00847F26 /* MyReviewBookStoreView.swift */ = {isa = PBXFileReference; lastKnownFileType = sourcecode.swift; path = MyReviewBookStoreView.swift; sourceTree = "<group>"; };
		9411771A2A83BFC400847F26 /* ActivityFrameView.swift */ = {isa = PBXFileReference; lastKnownFileType = sourcecode.swift; path = ActivityFrameView.swift; sourceTree = "<group>"; };
		9411771C2A84F6C400847F26 /* LikeActivityBookStoreView.swift */ = {isa = PBXFileReference; lastKnownFileType = sourcecode.swift; path = LikeActivityBookStoreView.swift; sourceTree = "<group>"; };
		941177202A8A117100847F26 /* GetPlaces.swift */ = {isa = PBXFileReference; lastKnownFileType = sourcecode.swift; path = GetPlaces.swift; sourceTree = "<group>"; };
		941177242A8A295000847F26 /* SingUp.swift */ = {isa = PBXFileReference; lastKnownFileType = sourcecode.swift; path = SingUp.swift; sourceTree = "<group>"; };
		941A30FD2A6260D0008152CC /* Onboarding03VC.swift */ = {isa = PBXFileReference; lastKnownFileType = sourcecode.swift; path = Onboarding03VC.swift; sourceTree = "<group>"; };
		941A31002A6A8DCA008152CC /* UserInfo.swift */ = {isa = PBXFileReference; lastKnownFileType = sourcecode.swift; path = UserInfo.swift; sourceTree = "<group>"; };
		9423934E2A8B61DC000E46BF /* KeywordSearch.swift */ = {isa = PBXFileReference; lastKnownFileType = sourcecode.swift; path = KeywordSearch.swift; sourceTree = "<group>"; };
		947ED65E2A8E44250037FB38 /* PlaceId.swift */ = {isa = PBXFileReference; lastKnownFileType = sourcecode.swift; path = PlaceId.swift; sourceTree = "<group>"; };
		947ED6602A8F8D030037FB38 /* PlaceIdNews.swift */ = {isa = PBXFileReference; lastKnownFileType = sourcecode.swift; path = PlaceIdNews.swift; sourceTree = "<group>"; };
		947ED6622A90DA970037FB38 /* PlaceIdBooks.swift */ = {isa = PBXFileReference; lastKnownFileType = sourcecode.swift; path = PlaceIdBooks.swift; sourceTree = "<group>"; };
		947ED6642A90DCC10037FB38 /* PlaceIdActivities.swift */ = {isa = PBXFileReference; lastKnownFileType = sourcecode.swift; path = PlaceIdActivities.swift; sourceTree = "<group>"; };
		947ED6662A9162DE0037FB38 /* PlaceIdReviews.swift */ = {isa = PBXFileReference; lastKnownFileType = sourcecode.swift; path = PlaceIdReviews.swift; sourceTree = "<group>"; };
		947ED6682A9394310037FB38 /* MainPageInfoViewController.swift */ = {isa = PBXFileReference; lastKnownFileType = sourcecode.swift; path = MainPageInfoViewController.swift; sourceTree = "<group>"; };
		94D658F72A712FF300E7F183 /* MainPageVC.swift */ = {isa = PBXFileReference; lastKnownFileType = sourcecode.swift; path = MainPageVC.swift; sourceTree = "<group>"; };
		94D658FD2A71653A00E7F183 /* LocationPageVC.swift */ = {isa = PBXFileReference; lastKnownFileType = sourcecode.swift; path = LocationPageVC.swift; sourceTree = "<group>"; };
		94D659002A7165AB00E7F183 /* MyPageVC.swift */ = {isa = PBXFileReference; lastKnownFileType = sourcecode.swift; path = MyPageVC.swift; sourceTree = "<group>"; };
		94D659042A76BFE800E7F183 /* FeedPageVC.swift */ = {isa = PBXFileReference; lastKnownFileType = sourcecode.swift; path = FeedPageVC.swift; sourceTree = "<group>"; };
		9EA7E41F969523A177659D68 /* Pods_Bookjam_BookjamUITests.framework */ = {isa = PBXFileReference; explicitFileType = wrapper.framework; includeInIndex = 0; path = Pods_Bookjam_BookjamUITests.framework; sourceTree = BUILT_PRODUCTS_DIR; };
		B0FFA03A0490112340DD11C1 /* Pods-BookjamTests.release.xcconfig */ = {isa = PBXFileReference; includeInIndex = 1; lastKnownFileType = text.xcconfig; name = "Pods-BookjamTests.release.xcconfig"; path = "Target Support Files/Pods-BookjamTests/Pods-BookjamTests.release.xcconfig"; sourceTree = "<group>"; };
		CAEDA6440DB30BEB7BAF980E /* Pods-Bookjam.debug.xcconfig */ = {isa = PBXFileReference; includeInIndex = 1; lastKnownFileType = text.xcconfig; name = "Pods-Bookjam.debug.xcconfig"; path = "Target Support Files/Pods-Bookjam/Pods-Bookjam.debug.xcconfig"; sourceTree = "<group>"; };
		DD0148002A9DD5E20014196D /* SUIT-Variable.ttf */ = {isa = PBXFileReference; lastKnownFileType = file; path = "SUIT-Variable.ttf"; sourceTree = "<group>"; };
		DD1022402A82C94000F74CC6 /* APIModel.swift */ = {isa = PBXFileReference; lastKnownFileType = sourcecode.swift; path = APIModel.swift; sourceTree = "<group>"; };
		DD2A4E022A8E1B7200D7A6B8 /* RecommendFriend.swift */ = {isa = PBXFileReference; lastKnownFileType = sourcecode.swift; path = RecommendFriend.swift; sourceTree = "<group>"; };
		DD2D1A072A81D4D8003AEEA6 /* UserPageVC.swift */ = {isa = PBXFileReference; lastKnownFileType = sourcecode.swift; path = UserPageVC.swift; sourceTree = "<group>"; };
		DD2D1A092A81EF8A003AEEA6 /* ChangeProfileVC.swift */ = {isa = PBXFileReference; lastKnownFileType = sourcecode.swift; path = ChangeProfileVC.swift; sourceTree = "<group>"; };
		DD33A2FB2A8373EC00D4D7C3 /* APIConstant.swift */ = {isa = PBXFileReference; lastKnownFileType = sourcecode.swift; path = APIConstant.swift; sourceTree = "<group>"; };
		DD33A2FE2A83755900D4D7C3 /* EmailDuplicate.swift */ = {isa = PBXFileReference; lastKnownFileType = sourcecode.swift; path = EmailDuplicate.swift; sourceTree = "<group>"; };
		DD33A3002A8380D000D4D7C3 /* SearchFriend.swift */ = {isa = PBXFileReference; lastKnownFileType = sourcecode.swift; path = SearchFriend.swift; sourceTree = "<group>"; };
		DD35407A2A83BC0900B5A9A3 /* LoginVC.swift */ = {isa = PBXFileReference; lastKnownFileType = sourcecode.swift; path = LoginVC.swift; sourceTree = "<group>"; };
		DD38CFB92A59993400D32B00 /* Bookjam.app */ = {isa = PBXFileReference; explicitFileType = wrapper.application; includeInIndex = 0; path = Bookjam.app; sourceTree = BUILT_PRODUCTS_DIR; };
		DD38CFBC2A59993400D32B00 /* AppDelegate.swift */ = {isa = PBXFileReference; lastKnownFileType = sourcecode.swift; path = AppDelegate.swift; sourceTree = "<group>"; };
		DD38CFBE2A59993400D32B00 /* SceneDelegate.swift */ = {isa = PBXFileReference; lastKnownFileType = sourcecode.swift; path = SceneDelegate.swift; sourceTree = "<group>"; };
		DD38CFC02A59993400D32B00 /* ViewController.swift */ = {isa = PBXFileReference; lastKnownFileType = sourcecode.swift; path = ViewController.swift; sourceTree = "<group>"; };
		DD38CFC52A59993400D32B00 /* Assets.xcassets */ = {isa = PBXFileReference; lastKnownFileType = folder.assetcatalog; path = Assets.xcassets; sourceTree = "<group>"; };
		DD38CFC82A59993400D32B00 /* Base */ = {isa = PBXFileReference; lastKnownFileType = file.storyboard; name = Base; path = Base.lproj/LaunchScreen.storyboard; sourceTree = "<group>"; };
		DD38CFCA2A59993400D32B00 /* Info.plist */ = {isa = PBXFileReference; lastKnownFileType = text.plist.xml; path = Info.plist; sourceTree = "<group>"; };
		DD38CFCF2A59993400D32B00 /* BookjamTests.xctest */ = {isa = PBXFileReference; explicitFileType = wrapper.cfbundle; includeInIndex = 0; path = BookjamTests.xctest; sourceTree = BUILT_PRODUCTS_DIR; };
		DD38CFD32A59993400D32B00 /* BookjamTests.swift */ = {isa = PBXFileReference; lastKnownFileType = sourcecode.swift; path = BookjamTests.swift; sourceTree = "<group>"; };
		DD38CFD92A59993400D32B00 /* BookjamUITests.xctest */ = {isa = PBXFileReference; explicitFileType = wrapper.cfbundle; includeInIndex = 0; path = BookjamUITests.xctest; sourceTree = BUILT_PRODUCTS_DIR; };
		DD38CFDD2A59993400D32B00 /* BookjamUITests.swift */ = {isa = PBXFileReference; lastKnownFileType = sourcecode.swift; path = BookjamUITests.swift; sourceTree = "<group>"; };
		DD38CFDF2A59993400D32B00 /* BookjamUITestsLaunchTests.swift */ = {isa = PBXFileReference; lastKnownFileType = sourcecode.swift; path = BookjamUITestsLaunchTests.swift; sourceTree = "<group>"; };
		DD3A22122A7CD0E400E7B423 /* NewsTableViewCell.swift */ = {isa = PBXFileReference; lastKnownFileType = sourcecode.swift; path = NewsTableViewCell.swift; sourceTree = "<group>"; };
		DD48893E2A6FAE8D00F878C0 /* FriendInfo.swift */ = {isa = PBXFileReference; lastKnownFileType = sourcecode.swift; path = FriendInfo.swift; sourceTree = "<group>"; };
		DD4889402A6FB2C800F878C0 /* FriendInfoTableViewCell.swift */ = {isa = PBXFileReference; lastKnownFileType = sourcecode.swift; path = FriendInfoTableViewCell.swift; sourceTree = "<group>"; };
		DD4E84742A7EA2C4004E373E /* BookListCollectionViewCell.swift */ = {isa = PBXFileReference; lastKnownFileType = sourcecode.swift; path = BookListCollectionViewCell.swift; sourceTree = "<group>"; };
		DD52B03F2A829B9400A5E3A3 /* APIManager.swift */ = {isa = PBXFileReference; lastKnownFileType = sourcecode.swift; path = APIManager.swift; sourceTree = "<group>"; };
		DD58E6132A760A0A0026BEE1 /* ColorData.swift */ = {isa = PBXFileReference; lastKnownFileType = sourcecode.swift; path = ColorData.swift; sourceTree = "<group>"; };
		DD58E6152A760CA40026BEE1 /* FontData.swift */ = {isa = PBXFileReference; lastKnownFileType = sourcecode.swift; path = FontData.swift; sourceTree = "<group>"; };
		DD7994272A89F4610066CFB7 /* FeedPostTableViewCell.swift */ = {isa = PBXFileReference; lastKnownFileType = sourcecode.swift; path = FeedPostTableViewCell.swift; sourceTree = "<group>"; };
		DD7994292A89F4850066CFB7 /* TableViewCell.swift */ = {isa = PBXFileReference; lastKnownFileType = sourcecode.swift; path = TableViewCell.swift; sourceTree = "<group>"; };
		DD79942B2A8A0C770066CFB7 /* UserSearchPageVC.swift */ = {isa = PBXFileReference; lastKnownFileType = sourcecode.swift; path = UserSearchPageVC.swift; sourceTree = "<group>"; };
		DD79942D2A8A0E8C0066CFB7 /* FeedUserTableViewCell.swift */ = {isa = PBXFileReference; lastKnownFileType = sourcecode.swift; path = FeedUserTableViewCell.swift; sourceTree = "<group>"; };
		DD79942F2A8A2EEF0066CFB7 /* BookPostDetailVC.swift */ = {isa = PBXFileReference; lastKnownFileType = sourcecode.swift; path = BookPostDetailVC.swift; sourceTree = "<group>"; };
		DD7994312A8A36AF0066CFB7 /* ReviewTableViewCell.swift */ = {isa = PBXFileReference; lastKnownFileType = sourcecode.swift; path = ReviewTableViewCell.swift; sourceTree = "<group>"; };
		DD81DB5F2A7BC21900E8DD42 /* ReviewInfo.swift */ = {isa = PBXFileReference; lastKnownFileType = sourcecode.swift; path = ReviewInfo.swift; sourceTree = "<group>"; };
		DD81DB612A7BDC8B00E8DD42 /* ActivityInfo.swift */ = {isa = PBXFileReference; lastKnownFileType = sourcecode.swift; path = ActivityInfo.swift; sourceTree = "<group>"; };
		DD81DB632A7BED1600E8DD42 /* ActivityTableViewCell.swift */ = {isa = PBXFileReference; lastKnownFileType = sourcecode.swift; path = ActivityTableViewCell.swift; sourceTree = "<group>"; };
		DD829C4A2A84D96E00B22754 /* BookStoreActvityDetailVC.swift */ = {isa = PBXFileReference; lastKnownFileType = sourcecode.swift; path = BookStoreActvityDetailVC.swift; sourceTree = "<group>"; };
		DD829C4C2A85045E00B22754 /* BookStoreReviewDetailVC.swift */ = {isa = PBXFileReference; lastKnownFileType = sourcecode.swift; path = BookStoreReviewDetailVC.swift; sourceTree = "<group>"; };
		DD9212A72A88A41D00EE6863 /* SearchEnterResultVC.swift */ = {isa = PBXFileReference; lastKnownFileType = sourcecode.swift; path = SearchEnterResultVC.swift; sourceTree = "<group>"; };
		DD98D56E2A7AE44E002CCD4F /* VisitReviewTableViewCell.swift */ = {isa = PBXFileReference; lastKnownFileType = sourcecode.swift; path = VisitReviewTableViewCell.swift; sourceTree = "<group>"; };
		DDA76BFE2A66926200C8129B /* Bookjam.entitlements */ = {isa = PBXFileReference; lastKnownFileType = text.plist.entitlements; path = Bookjam.entitlements; sourceTree = "<group>"; };
		DDAECC1E2A90DEB300B3D676 /* ReviewContent.swift */ = {isa = PBXFileReference; lastKnownFileType = sourcecode.swift; path = ReviewContent.swift; sourceTree = "<group>"; };
		DDAECC202A91DFFB00B3D676 /* ReviewImage.swift */ = {isa = PBXFileReference; lastKnownFileType = sourcecode.swift; path = ReviewImage.swift; sourceTree = "<group>"; };
		DDAECC232A931C2C00B3D676 /* BookSearchTableViewCell.swift */ = {isa = PBXFileReference; lastKnownFileType = sourcecode.swift; path = BookSearchTableViewCell.swift; sourceTree = "<group>"; };
		DDAECC252A9321F900B3D676 /* BooksList.swift */ = {isa = PBXFileReference; lastKnownFileType = sourcecode.swift; path = BooksList.swift; sourceTree = "<group>"; };
		DDAECC272A9334E300B3D676 /* RecordImages.swift */ = {isa = PBXFileReference; lastKnownFileType = sourcecode.swift; path = RecordImages.swift; sourceTree = "<group>"; };
		DDAECC292A934E1100B3D676 /* UsersOutline.swift */ = {isa = PBXFileReference; lastKnownFileType = sourcecode.swift; path = UsersOutline.swift; sourceTree = "<group>"; };
		DDAECC2B2A93591700B3D676 /* UsersActivities.swift */ = {isa = PBXFileReference; lastKnownFileType = sourcecode.swift; path = UsersActivities.swift; sourceTree = "<group>"; };
		DDAECC2D2A93625900B3D676 /* UsersReviews.swift */ = {isa = PBXFileReference; lastKnownFileType = sourcecode.swift; path = UsersReviews.swift; sourceTree = "<group>"; };
		DDAECC2F2A93744800B3D676 /* UsersRecords.swift */ = {isa = PBXFileReference; lastKnownFileType = sourcecode.swift; path = UsersRecords.swift; sourceTree = "<group>"; };
		DDAECC312A93EA2B00B3D676 /* RecommendFriendPopUpVC.swift */ = {isa = PBXFileReference; lastKnownFileType = sourcecode.swift; path = RecommendFriendPopUpVC.swift; sourceTree = "<group>"; };
		DDB0F2CA2A8801D7005A8316 /* VisitReviewPhotoCollectionViewCell.swift */ = {isa = PBXFileReference; lastKnownFileType = sourcecode.swift; path = VisitReviewPhotoCollectionViewCell.swift; sourceTree = "<group>"; };
		DDB0F2CC2A88751A005A8316 /* Login.swift */ = {isa = PBXFileReference; lastKnownFileType = sourcecode.swift; path = Login.swift; sourceTree = "<group>"; };
		DDB0F2D22A8897E3005A8316 /* SearchPageVC.swift */ = {isa = PBXFileReference; lastKnownFileType = sourcecode.swift; path = SearchPageVC.swift; sourceTree = "<group>"; };
		DDB0F2D52A8899E8005A8316 /* SearchResultTableViewCell.swift */ = {isa = PBXFileReference; lastKnownFileType = sourcecode.swift; path = SearchResultTableViewCell.swift; sourceTree = "<group>"; };
		DDB9074B2A73B0A6000A24F0 /* BookstoreDetailPageVC.swift */ = {isa = PBXFileReference; lastKnownFileType = sourcecode.swift; path = BookstoreDetailPageVC.swift; sourceTree = "<group>"; };
		DDC090132A790B7F00CDCC8A /* BookListTableViewCell.swift */ = {isa = PBXFileReference; lastKnownFileType = sourcecode.swift; path = BookListTableViewCell.swift; sourceTree = "<group>"; };
		DDC090172A79225300CDCC8A /* NewsInfo.swift */ = {isa = PBXFileReference; lastKnownFileType = sourcecode.swift; path = NewsInfo.swift; sourceTree = "<group>"; };
		DDC090192A79226F00CDCC8A /* BookInfo.swift */ = {isa = PBXFileReference; lastKnownFileType = sourcecode.swift; path = BookInfo.swift; sourceTree = "<group>"; };
		DDC445062A80D10B000FE1C7 /* UIViewController+.swift */ = {isa = PBXFileReference; lastKnownFileType = sourcecode.swift; path = "UIViewController+.swift"; sourceTree = "<group>"; };
		DDC445082A80D1A5000FE1C7 /* UIScrollView+.swift */ = {isa = PBXFileReference; lastKnownFileType = sourcecode.swift; path = "UIScrollView+.swift"; sourceTree = "<group>"; };
		DDC4450A2A80D231000FE1C7 /* UIImage+.swift */ = {isa = PBXFileReference; lastKnownFileType = sourcecode.swift; path = "UIImage+.swift"; sourceTree = "<group>"; };
		DDC4450C2A80E0BE000FE1C7 /* UIColor+.swift */ = {isa = PBXFileReference; lastKnownFileType = sourcecode.swift; path = "UIColor+.swift"; sourceTree = "<group>"; };
		DDC4450E2A80E1E0000FE1C7 /* UIView+.swift */ = {isa = PBXFileReference; lastKnownFileType = sourcecode.swift; path = "UIView+.swift"; sourceTree = "<group>"; };
		DDC6EA962A6142EB00C4B127 /* Onboarding04VC.swift */ = {isa = PBXFileReference; lastKnownFileType = sourcecode.swift; path = Onboarding04VC.swift; sourceTree = "<group>"; };
		DDC6EA9B2A61A42600C4B127 /* Onboarding06VC.swift */ = {isa = PBXFileReference; lastKnownFileType = sourcecode.swift; path = Onboarding06VC.swift; sourceTree = "<group>"; };
		DDC6EA9D2A61AA3000C4B127 /* Onboarding07VC.swift */ = {isa = PBXFileReference; lastKnownFileType = sourcecode.swift; path = Onboarding07VC.swift; sourceTree = "<group>"; };
		DDC6EA9F2A61B0B500C4B127 /* Onboarding08VC.swift */ = {isa = PBXFileReference; lastKnownFileType = sourcecode.swift; path = Onboarding08VC.swift; sourceTree = "<group>"; };
		DDC6EAA12A61B38E00C4B127 /* Onboarding09VC.swift */ = {isa = PBXFileReference; lastKnownFileType = sourcecode.swift; path = Onboarding09VC.swift; sourceTree = "<group>"; };
		DDCBC11F2A8638AE00694CBD /* BookStoreChoiceDateVC.swift */ = {isa = PBXFileReference; lastKnownFileType = sourcecode.swift; path = BookStoreChoiceDateVC.swift; sourceTree = "<group>"; };
		DDCBC1232A865A7000694CBD /* BookStoreWriteReviewVC.swift */ = {isa = PBXFileReference; lastKnownFileType = sourcecode.swift; path = BookStoreWriteReviewVC.swift; sourceTree = "<group>"; };
		DDD5DAB52A7DD40D0052C3EB /* TabBarController.swift */ = {isa = PBXFileReference; lastKnownFileType = sourcecode.swift; path = TabBarController.swift; sourceTree = "<group>"; };
		DDD5DAB72A7E539C0052C3EB /* BookStorePhotoCollectionViewCell.swift */ = {isa = PBXFileReference; lastKnownFileType = sourcecode.swift; path = BookStorePhotoCollectionViewCell.swift; sourceTree = "<group>"; };
		DDD74A892A8B41EF008C999F /* FeedPostPageVC.swift */ = {isa = PBXFileReference; lastKnownFileType = sourcecode.swift; path = FeedPostPageVC.swift; sourceTree = "<group>"; };
		DDD74A8B2A8B9FA2008C999F /* SearchPlacePopUpVC.swift */ = {isa = PBXFileReference; lastKnownFileType = sourcecode.swift; path = SearchPlacePopUpVC.swift; sourceTree = "<group>"; };
		DDD74A8D2A8BC9EB008C999F /* Token.swift */ = {isa = PBXFileReference; lastKnownFileType = sourcecode.swift; path = Token.swift; sourceTree = "<group>"; };
		DDD74A8F2A8BDD6A008C999F /* PlaceSearchTableViewCell.swift */ = {isa = PBXFileReference; lastKnownFileType = sourcecode.swift; path = PlaceSearchTableViewCell.swift; sourceTree = "<group>"; };
		DDD74A912A8BF3B8008C999F /* SelectVisitDatePopUpVC.swift */ = {isa = PBXFileReference; lastKnownFileType = sourcecode.swift; path = SelectVisitDatePopUpVC.swift; sourceTree = "<group>"; };
		DDD74A932A8C0AA7008C999F /* SearchBookPopUpVC.swift */ = {isa = PBXFileReference; lastKnownFileType = sourcecode.swift; path = SearchBookPopUpVC.swift; sourceTree = "<group>"; };
		DDD74A952A8C156D008C999F /* SearchActivityPopUpVC.swift */ = {isa = PBXFileReference; lastKnownFileType = sourcecode.swift; path = SearchActivityPopUpVC.swift; sourceTree = "<group>"; };
		DDD74A972A8C1814008C999F /* FeedPostCheckPopUpVC.swift */ = {isa = PBXFileReference; lastKnownFileType = sourcecode.swift; path = FeedPostCheckPopUpVC.swift; sourceTree = "<group>"; };
		DDD74A992A8C1F1B008C999F /* Record.swift */ = {isa = PBXFileReference; lastKnownFileType = sourcecode.swift; path = Record.swift; sourceTree = "<group>"; };
		DDDD436B2A5AD5140093CBD1 /* Onboarding01VC.swift */ = {isa = PBXFileReference; lastKnownFileType = sourcecode.swift; path = Onboarding01VC.swift; sourceTree = "<group>"; };
		DDE516E42A9486E40023C70C /* RecordFriend.swift */ = {isa = PBXFileReference; lastKnownFileType = sourcecode.swift; path = RecordFriend.swift; sourceTree = "<group>"; };
		DDE964242A639D5E00AEF810 /* Onboarding05VC.swift */ = {isa = PBXFileReference; lastKnownFileType = sourcecode.swift; path = Onboarding05VC.swift; sourceTree = "<group>"; };
		DDF844792A7659FA0035D112 /* BookStoreDetailNewsView.swift */ = {isa = PBXFileReference; lastKnownFileType = sourcecode.swift; path = BookStoreDetailNewsView.swift; sourceTree = "<group>"; };
		DDF8447B2A765A320035D112 /* BookStoreDetailActivityView.swift */ = {isa = PBXFileReference; lastKnownFileType = sourcecode.swift; path = BookStoreDetailActivityView.swift; sourceTree = "<group>"; };
		DDF8447D2A765A460035D112 /* BookStoreDetailReviewView.swift */ = {isa = PBXFileReference; lastKnownFileType = sourcecode.swift; path = BookStoreDetailReviewView.swift; sourceTree = "<group>"; };
		DDF8447F2A765A610035D112 /* BookStoreDetailBookListView.swift */ = {isa = PBXFileReference; lastKnownFileType = sourcecode.swift; path = BookStoreDetailBookListView.swift; sourceTree = "<group>"; };
		DDFFD9E22A7F66280095F76A /* BookActivityCollectionViewCell.swift */ = {isa = PBXFileReference; lastKnownFileType = sourcecode.swift; path = BookActivityCollectionViewCell.swift; sourceTree = "<group>"; };
/* End PBXFileReference section */

/* Begin PBXFrameworksBuildPhase section */
		DD38CFB62A59993400D32B00 /* Frameworks */ = {
			isa = PBXFrameworksBuildPhase;
			buildActionMask = 2147483647;
			files = (
				4F360426894B4364D871ACEA /* Pods_Bookjam.framework in Frameworks */,
			);
			runOnlyForDeploymentPostprocessing = 0;
		};
		DD38CFCC2A59993400D32B00 /* Frameworks */ = {
			isa = PBXFrameworksBuildPhase;
			buildActionMask = 2147483647;
			files = (
				411FD826C5A9F974087EAC6B /* Pods_BookjamTests.framework in Frameworks */,
			);
			runOnlyForDeploymentPostprocessing = 0;
		};
		DD38CFD62A59993400D32B00 /* Frameworks */ = {
			isa = PBXFrameworksBuildPhase;
			buildActionMask = 2147483647;
			files = (
				A850162687B812BE16F67757 /* Pods_Bookjam_BookjamUITests.framework in Frameworks */,
			);
			runOnlyForDeploymentPostprocessing = 0;
		};
/* End PBXFrameworksBuildPhase section */

/* Begin PBXGroup section */
		71B6269B1A6689FDE5757565 /* Frameworks */ = {
			isa = PBXGroup;
			children = (
				75444A0A19CD8D859E3F0FFE /* Pods_Bookjam.framework */,
				9EA7E41F969523A177659D68 /* Pods_Bookjam_BookjamUITests.framework */,
				47ED49659B4E111FDC84ECA9 /* Pods_BookjamTests.framework */,
			);
			name = Frameworks;
			sourceTree = "<group>";
		};
		941177142A82706000847F26 /* Cell */ = {
			isa = PBXGroup;
			children = (
				941177122A82705800847F26 /* ActivityParticipateCollectionViewCell.swift */,
			);
			path = Cell;
			sourceTree = "<group>";
		};
		941177152A8337F900847F26 /* View */ = {
			isa = PBXGroup;
			children = (
				941177162A83381E00847F26 /* MyRecordBookStoreView.swift */,
				941177182A83826B00847F26 /* MyReviewBookStoreView.swift */,
				9411771A2A83BFC400847F26 /* ActivityFrameView.swift */,
				9411771C2A84F6C400847F26 /* LikeActivityBookStoreView.swift */,
			);
			path = View;
			sourceTree = "<group>";
		};
		942393522A8BB55F000E46BF /* Token */ = {
			isa = PBXGroup;
			children = (
				DDD74A8D2A8BC9EB008C999F /* Token.swift */,
			);
			path = Token;
			sourceTree = "<group>";
		};
		94D658F62A712FC000E7F183 /* MainPage */ = {
			isa = PBXGroup;
			children = (
				94D658F72A712FF300E7F183 /* MainPageVC.swift */,
				DDDBBF622A8107AA00B2C2C9 /* Cell */,
				947ED6682A9394310037FB38 /* MainPageInfoViewController.swift */,
			);
			path = MainPage;
			sourceTree = "<group>";
		};
		94D658F92A7162FD00E7F183 /* LocationPage */ = {
			isa = PBXGroup;
			children = (
				94D658FD2A71653A00E7F183 /* LocationPageVC.swift */,
			);
			path = LocationPage;
			sourceTree = "<group>";
		};
		94D658FA2A71649700E7F183 /* FeedPage */ = {
			isa = PBXGroup;
			children = (
				94D659042A76BFE800E7F183 /* FeedPageVC.swift */,
				DD79942B2A8A0C770066CFB7 /* UserSearchPageVC.swift */,
				DD79942F2A8A2EEF0066CFB7 /* BookPostDetailVC.swift */,
				DDD74A892A8B41EF008C999F /* FeedPostPageVC.swift */,
				DDD74A8B2A8B9FA2008C999F /* SearchPlacePopUpVC.swift */,
				DDD74A912A8BF3B8008C999F /* SelectVisitDatePopUpVC.swift */,
				DDD74A932A8C0AA7008C999F /* SearchBookPopUpVC.swift */,
				DDD74A952A8C156D008C999F /* SearchActivityPopUpVC.swift */,
				DDD74A972A8C1814008C999F /* FeedPostCheckPopUpVC.swift */,
				DD7994262A89F40A0066CFB7 /* Cell */,
			);
			path = FeedPage;
			sourceTree = "<group>";
		};
		94D658FF2A71659A00E7F183 /* MyPage */ = {
			isa = PBXGroup;
			children = (
				94D659002A7165AB00E7F183 /* MyPageVC.swift */,
				DD2D1A072A81D4D8003AEEA6 /* UserPageVC.swift */,
				DD2D1A092A81EF8A003AEEA6 /* ChangeProfileVC.swift */,
				941177152A8337F900847F26 /* View */,
				941177142A82706000847F26 /* Cell */,
			);
			path = MyPage;
			sourceTree = "<group>";
		};
		DD0147FF2A9DD5CE0014196D /* Font */ = {
			isa = PBXGroup;
			children = (
				DD0148002A9DD5E20014196D /* SUIT-Variable.ttf */,
			);
			path = Font;
			sourceTree = "<group>";
		};
		DD04AE512A83E81D00892588 /* Entity */ = {
			isa = PBXGroup;
			children = (
				DD33A2FE2A83755900D4D7C3 /* EmailDuplicate.swift */,
				DD33A3002A8380D000D4D7C3 /* SearchFriend.swift */,
				DDB0F2CC2A88751A005A8316 /* Login.swift */,
				941177242A8A295000847F26 /* SingUp.swift */,
				9423934E2A8B61DC000E46BF /* KeywordSearch.swift */,
				DDD74A992A8C1F1B008C999F /* Record.swift */,
				941177202A8A117100847F26 /* GetPlaces.swift */,
				947ED65E2A8E44250037FB38 /* PlaceId.swift */,
				947ED6602A8F8D030037FB38 /* PlaceIdNews.swift */,
				947ED6622A90DA970037FB38 /* PlaceIdBooks.swift */,
				947ED6642A90DCC10037FB38 /* PlaceIdActivities.swift */,
				947ED6662A9162DE0037FB38 /* PlaceIdReviews.swift */,
				DD2A4E022A8E1B7200D7A6B8 /* RecommendFriend.swift */,
				DDAECC1E2A90DEB300B3D676 /* ReviewContent.swift */,
				DDAECC202A91DFFB00B3D676 /* ReviewImage.swift */,
				DDAECC292A934E1100B3D676 /* UsersOutline.swift */,
				DDAECC2B2A93591700B3D676 /* UsersActivities.swift */,
				DDAECC2D2A93625900B3D676 /* UsersReviews.swift */,
				DDAECC2F2A93744800B3D676 /* UsersRecords.swift */,
				DDAECC252A9321F900B3D676 /* BooksList.swift */,
				DDAECC272A9334E300B3D676 /* RecordImages.swift */,
				DDE516E42A9486E40023C70C /* RecordFriend.swift */,
			);
			path = Entity;
			sourceTree = "<group>";
		};
		DD3540792A83BBFB00B5A9A3 /* Login */ = {
			isa = PBXGroup;
			children = (
				DD35407A2A83BC0900B5A9A3 /* LoginVC.swift */,
			);
			path = Login;
			sourceTree = "<group>";
		};
		DD38CFB02A59993400D32B00 = {
			isa = PBXGroup;
			children = (
				DD38CFBB2A59993400D32B00 /* Bookjam */,
				DD38CFD22A59993400D32B00 /* BookjamTests */,
				DD38CFDC2A59993400D32B00 /* BookjamUITests */,
				DD38CFBA2A59993400D32B00 /* Products */,
				E6D55292CB7C8BCF307DC310 /* Pods */,
				71B6269B1A6689FDE5757565 /* Frameworks */,
			);
			sourceTree = "<group>";
		};
		DD38CFBA2A59993400D32B00 /* Products */ = {
			isa = PBXGroup;
			children = (
				DD38CFB92A59993400D32B00 /* Bookjam.app */,
				DD38CFCF2A59993400D32B00 /* BookjamTests.xctest */,
				DD38CFD92A59993400D32B00 /* BookjamUITests.xctest */,
			);
			name = Products;
			sourceTree = "<group>";
		};
		DD38CFBB2A59993400D32B00 /* Bookjam */ = {
			isa = PBXGroup;
			children = (
				942393522A8BB55F000E46BF /* Token */,
				DDA76BFE2A66926200C8129B /* Bookjam.entitlements */,
				DD38CFBC2A59993400D32B00 /* AppDelegate.swift */,
				DD38CFBE2A59993400D32B00 /* SceneDelegate.swift */,
				DDD5DAB42A7DD36B0052C3EB /* API */,
				DDC445052A80C3FA000FE1C7 /* Extension */,
				DDC445102A80EA3B000FE1C7 /* Resource */,
				DD38CFEE2A599F0100D32B00 /* Screen */,
			);
			path = Bookjam;
			sourceTree = "<group>";
		};
		DD38CFD22A59993400D32B00 /* BookjamTests */ = {
			isa = PBXGroup;
			children = (
				DD38CFD32A59993400D32B00 /* BookjamTests.swift */,
			);
			path = BookjamTests;
			sourceTree = "<group>";
		};
		DD38CFDC2A59993400D32B00 /* BookjamUITests */ = {
			isa = PBXGroup;
			children = (
				DD38CFDD2A59993400D32B00 /* BookjamUITests.swift */,
				DD38CFDF2A59993400D32B00 /* BookjamUITestsLaunchTests.swift */,
			);
			path = BookjamUITests;
			sourceTree = "<group>";
		};
		DD38CFEC2A599ECC00D32B00 /* Data */ = {
			isa = PBXGroup;
			children = (
				DD58E6132A760A0A0026BEE1 /* ColorData.swift */,
				DD58E6152A760CA40026BEE1 /* FontData.swift */,
			);
			path = Data;
			sourceTree = "<group>";
		};
		DD38CFEE2A599F0100D32B00 /* Screen */ = {
			isa = PBXGroup;
			children = (
				DD38CFC72A59993400D32B00 /* LaunchScreen.storyboard */,
				DD38CFC02A59993400D32B00 /* ViewController.swift */,
				DD7994292A89F4850066CFB7 /* TableViewCell.swift */,
				DD3540792A83BBFB00B5A9A3 /* Login */,
				DDC6EA982A61559C00C4B127 /* Onboarding */,
				DD38CFEF2A599F0F00D32B00 /* Main */,
			);
			path = Screen;
			sourceTree = "<group>";
		};
		DD38CFEF2A599F0F00D32B00 /* Main */ = {
			isa = PBXGroup;
			children = (
				DDD5DAB52A7DD40D0052C3EB /* TabBarController.swift */,
				94D658FF2A71659A00E7F183 /* MyPage */,
				94D658FA2A71649700E7F183 /* FeedPage */,
				94D658F92A7162FD00E7F183 /* LocationPage */,
				94D658F62A712FC000E7F183 /* MainPage */,
				DDB0F2D12A8897C1005A8316 /* SearchPage */,
				DDA757402A81062100AF0E3B /* MainDetailPage */,
			);
			path = Main;
			sourceTree = "<group>";
		};
		DD48893C2A6FA84700F878C0 /* Cell */ = {
			isa = PBXGroup;
			children = (
				DD98D56E2A7AE44E002CCD4F /* VisitReviewTableViewCell.swift */,
			);
			path = Cell;
			sourceTree = "<group>";
		};
		DD48893D2A6FAE2600F878C0 /* Model */ = {
			isa = PBXGroup;
			children = (
				941A31002A6A8DCA008152CC /* UserInfo.swift */,
				DD48893E2A6FAE8D00F878C0 /* FriendInfo.swift */,
				DDC090172A79225300CDCC8A /* NewsInfo.swift */,
				DDC090192A79226F00CDCC8A /* BookInfo.swift */,
				DD81DB5F2A7BC21900E8DD42 /* ReviewInfo.swift */,
				DD81DB612A7BDC8B00E8DD42 /* ActivityInfo.swift */,
				941177102A7EC81500847F26 /* BookStoreMain.swift */,
			);
			path = Model;
			sourceTree = "<group>";
		};
		DD7994262A89F40A0066CFB7 /* Cell */ = {
			isa = PBXGroup;
			children = (
				DD7994272A89F4610066CFB7 /* FeedPostTableViewCell.swift */,
				DD79942D2A8A0E8C0066CFB7 /* FeedUserTableViewCell.swift */,
				DD7994312A8A36AF0066CFB7 /* ReviewTableViewCell.swift */,
				DDD74A8F2A8BDD6A008C999F /* PlaceSearchTableViewCell.swift */,
				DDAECC232A931C2C00B3D676 /* BookSearchTableViewCell.swift */,
			);
			path = Cell;
			sourceTree = "<group>";
		};
		DDA757402A81062100AF0E3B /* MainDetailPage */ = {
			isa = PBXGroup;
			children = (
				DDB9074B2A73B0A6000A24F0 /* BookstoreDetailPageVC.swift */,
				DDCBC1112A86364600694CBD /* Home */,
				DDCBC1132A86367B00694CBD /* Review */,
				DDCBC1122A86364F00694CBD /* Activity */,
				DDCBC1172A8636E700694CBD /* News */,
				DDCBC11B2A86371500694CBD /* BookList */,
				DD48893C2A6FA84700F878C0 /* Cell */,
			);
			path = MainDetailPage;
			sourceTree = "<group>";
		};
		DDB0F2D12A8897C1005A8316 /* SearchPage */ = {
			isa = PBXGroup;
			children = (
				DDB0F2D22A8897E3005A8316 /* SearchPageVC.swift */,
				DD9212A72A88A41D00EE6863 /* SearchEnterResultVC.swift */,
				DDB0F2D42A8899CF005A8316 /* Cell */,
			);
			path = SearchPage;
			sourceTree = "<group>";
		};
		DDB0F2D42A8899CF005A8316 /* Cell */ = {
			isa = PBXGroup;
			children = (
				DDB0F2D52A8899E8005A8316 /* SearchResultTableViewCell.swift */,
			);
			path = Cell;
			sourceTree = "<group>";
		};
		DDC445052A80C3FA000FE1C7 /* Extension */ = {
			isa = PBXGroup;
			children = (
				DDC445062A80D10B000FE1C7 /* UIViewController+.swift */,
				DDC445082A80D1A5000FE1C7 /* UIScrollView+.swift */,
				DDC4450A2A80D231000FE1C7 /* UIImage+.swift */,
				DDC4450C2A80E0BE000FE1C7 /* UIColor+.swift */,
				DDC4450E2A80E1E0000FE1C7 /* UIView+.swift */,
			);
			path = Extension;
			sourceTree = "<group>";
		};
		DDC445102A80EA3B000FE1C7 /* Resource */ = {
			isa = PBXGroup;
			children = (
				DD0147FF2A9DD5CE0014196D /* Font */,
				DD38CFC52A59993400D32B00 /* Assets.xcassets */,
				DD38CFCA2A59993400D32B00 /* Info.plist */,
				DD38CFEC2A599ECC00D32B00 /* Data */,
				DD48893D2A6FAE2600F878C0 /* Model */,
			);
			path = Resource;
			sourceTree = "<group>";
		};
		DDC445122A80EE26000FE1C7 /* Onboarding05 */ = {
			isa = PBXGroup;
			children = (
				DDE964242A639D5E00AEF810 /* Onboarding05VC.swift */,
				DDAECC312A93EA2B00B3D676 /* RecommendFriendPopUpVC.swift */,
				DDDBBF612A81077500B2C2C9 /* Cell */,
			);
			path = Onboarding05;
			sourceTree = "<group>";
		};
		DDC6EA982A61559C00C4B127 /* Onboarding */ = {
			isa = PBXGroup;
			children = (
				DDDD436B2A5AD5140093CBD1 /* Onboarding01VC.swift */,
				941A30FD2A6260D0008152CC /* Onboarding03VC.swift */,
				DDC6EA962A6142EB00C4B127 /* Onboarding04VC.swift */,
				DDC445122A80EE26000FE1C7 /* Onboarding05 */,
				DDC6EA9B2A61A42600C4B127 /* Onboarding06VC.swift */,
				DDC6EA9D2A61AA3000C4B127 /* Onboarding07VC.swift */,
				DDC6EA9F2A61B0B500C4B127 /* Onboarding08VC.swift */,
				DDC6EAA12A61B38E00C4B127 /* Onboarding09VC.swift */,
			);
			path = Onboarding;
			sourceTree = "<group>";
		};
		DDCBC1112A86364600694CBD /* Home */ = {
			isa = PBXGroup;
			children = (
				DDCBC11C2A86374400694CBD /* Cell */,
				DDCBC11A2A86370800694CBD /* View */,
			);
			path = Home;
			sourceTree = "<group>";
		};
		DDCBC1122A86364F00694CBD /* Activity */ = {
			isa = PBXGroup;
			children = (
				DD829C4A2A84D96E00B22754 /* BookStoreActvityDetailVC.swift */,
				DDCBC11D2A86377600694CBD /* Cell */,
				DDCBC1162A8636D700694CBD /* View */,
			);
			path = Activity;
			sourceTree = "<group>";
		};
		DDCBC1132A86367B00694CBD /* Review */ = {
			isa = PBXGroup;
			children = (
				DD829C4C2A85045E00B22754 /* BookStoreReviewDetailVC.swift */,
				DDCBC11F2A8638AE00694CBD /* BookStoreChoiceDateVC.swift */,
				DDCBC1232A865A7000694CBD /* BookStoreWriteReviewVC.swift */,
				DDCBC1152A8636B400694CBD /* Cell */,
				DDCBC1142A86369F00694CBD /* View */,
			);
			path = Review;
			sourceTree = "<group>";
		};
		DDCBC1142A86369F00694CBD /* View */ = {
			isa = PBXGroup;
			children = (
				DDF8447D2A765A460035D112 /* BookStoreDetailReviewView.swift */,
			);
			path = View;
			sourceTree = "<group>";
		};
		DDCBC1152A8636B400694CBD /* Cell */ = {
			isa = PBXGroup;
			children = (
				DDB0F2CA2A8801D7005A8316 /* VisitReviewPhotoCollectionViewCell.swift */,
			);
			path = Cell;
			sourceTree = "<group>";
		};
		DDCBC1162A8636D700694CBD /* View */ = {
			isa = PBXGroup;
			children = (
				DDF8447B2A765A320035D112 /* BookStoreDetailActivityView.swift */,
			);
			path = View;
			sourceTree = "<group>";
		};
		DDCBC1172A8636E700694CBD /* News */ = {
			isa = PBXGroup;
			children = (
				DDCBC1192A8636FD00694CBD /* Cell */,
				DDCBC1182A8636F400694CBD /* View */,
			);
			path = News;
			sourceTree = "<group>";
		};
		DDCBC1182A8636F400694CBD /* View */ = {
			isa = PBXGroup;
			children = (
				DDF844792A7659FA0035D112 /* BookStoreDetailNewsView.swift */,
			);
			path = View;
			sourceTree = "<group>";
		};
		DDCBC1192A8636FD00694CBD /* Cell */ = {
			isa = PBXGroup;
			children = (
				DD3A22122A7CD0E400E7B423 /* NewsTableViewCell.swift */,
			);
			path = Cell;
			sourceTree = "<group>";
		};
		DDCBC11A2A86370800694CBD /* View */ = {
			isa = PBXGroup;
			children = (
				941176FF2A79727200847F26 /* BookStoreDetailHomeView.swift */,
			);
			path = View;
			sourceTree = "<group>";
		};
		DDCBC11B2A86371500694CBD /* BookList */ = {
			isa = PBXGroup;
			children = (
				DDCBC11E2A8637E700694CBD /* Cell */,
				DDDBBF5E2A81071900B2C2C9 /* View */,
			);
			path = BookList;
			sourceTree = "<group>";
		};
		DDCBC11C2A86374400694CBD /* Cell */ = {
			isa = PBXGroup;
			children = (
				DDFFD9E22A7F66280095F76A /* BookActivityCollectionViewCell.swift */,
				DDD5DAB72A7E539C0052C3EB /* BookStorePhotoCollectionViewCell.swift */,
				DD4E84742A7EA2C4004E373E /* BookListCollectionViewCell.swift */,
			);
			path = Cell;
			sourceTree = "<group>";
		};
		DDCBC11D2A86377600694CBD /* Cell */ = {
			isa = PBXGroup;
			children = (
				DD81DB632A7BED1600E8DD42 /* ActivityTableViewCell.swift */,
			);
			path = Cell;
			sourceTree = "<group>";
		};
		DDCBC11E2A8637E700694CBD /* Cell */ = {
			isa = PBXGroup;
			children = (
				DDC090132A790B7F00CDCC8A /* BookListTableViewCell.swift */,
			);
			path = Cell;
			sourceTree = "<group>";
		};
		DDD5DAB42A7DD36B0052C3EB /* API */ = {
			isa = PBXGroup;
			children = (
				DD04AE512A83E81D00892588 /* Entity */,
				DD52B03F2A829B9400A5E3A3 /* APIManager.swift */,
				DD1022402A82C94000F74CC6 /* APIModel.swift */,
				DD33A2FB2A8373EC00D4D7C3 /* APIConstant.swift */,
			);
			path = API;
			sourceTree = "<group>";
		};
		DDDBBF5E2A81071900B2C2C9 /* View */ = {
			isa = PBXGroup;
			children = (
				DDF8447F2A765A610035D112 /* BookStoreDetailBookListView.swift */,
			);
			path = View;
			sourceTree = "<group>";
		};
		DDDBBF612A81077500B2C2C9 /* Cell */ = {
			isa = PBXGroup;
			children = (
				DD4889402A6FB2C800F878C0 /* FriendInfoTableViewCell.swift */,
			);
			path = Cell;
			sourceTree = "<group>";
		};
		DDDBBF622A8107AA00B2C2C9 /* Cell */ = {
			isa = PBXGroup;
			children = (
				9411770E2A7A939D00847F26 /* MainPageBookStoreTableViewCell.swift */,
			);
			path = Cell;
			sourceTree = "<group>";
		};
		E6D55292CB7C8BCF307DC310 /* Pods */ = {
			isa = PBXGroup;
			children = (
				CAEDA6440DB30BEB7BAF980E /* Pods-Bookjam.debug.xcconfig */,
				6CF20512EC3BB55ACCE6EF83 /* Pods-Bookjam.release.xcconfig */,
				36512DFE3D67D88B20E57B9E /* Pods-Bookjam-BookjamUITests.debug.xcconfig */,
				6F687D70DC26FAB7B740C979 /* Pods-Bookjam-BookjamUITests.release.xcconfig */,
				8D5C2379B29DA2D1BF353C4F /* Pods-BookjamTests.debug.xcconfig */,
				B0FFA03A0490112340DD11C1 /* Pods-BookjamTests.release.xcconfig */,
			);
			path = Pods;
			sourceTree = "<group>";
		};
/* End PBXGroup section */

/* Begin PBXNativeTarget section */
		DD38CFB82A59993400D32B00 /* Bookjam */ = {
			isa = PBXNativeTarget;
			buildConfigurationList = DD38CFE32A59993400D32B00 /* Build configuration list for PBXNativeTarget "Bookjam" */;
			buildPhases = (
				9C372EDCE330BD7098C27715 /* [CP] Check Pods Manifest.lock */,
				DD38CFB52A59993400D32B00 /* Sources */,
				DD38CFB62A59993400D32B00 /* Frameworks */,
				DD38CFB72A59993400D32B00 /* Resources */,
				C1C0516EEC3D447BF92D87E2 /* [CP] Embed Pods Frameworks */,
				6901F32B9B82D3F60C123BDE /* [CP] Copy Pods Resources */,
			);
			buildRules = (
			);
			dependencies = (
			);
			name = Bookjam;
			productName = Bookjam;
			productReference = DD38CFB92A59993400D32B00 /* Bookjam.app */;
			productType = "com.apple.product-type.application";
		};
		DD38CFCE2A59993400D32B00 /* BookjamTests */ = {
			isa = PBXNativeTarget;
			buildConfigurationList = DD38CFE62A59993400D32B00 /* Build configuration list for PBXNativeTarget "BookjamTests" */;
			buildPhases = (
				8D8D4C16400D1D98720322AB /* [CP] Check Pods Manifest.lock */,
				DD38CFCB2A59993400D32B00 /* Sources */,
				DD38CFCC2A59993400D32B00 /* Frameworks */,
				DD38CFCD2A59993400D32B00 /* Resources */,
			);
			buildRules = (
			);
			dependencies = (
				DD38CFD12A59993400D32B00 /* PBXTargetDependency */,
			);
			name = BookjamTests;
			productName = BookjamTests;
			productReference = DD38CFCF2A59993400D32B00 /* BookjamTests.xctest */;
			productType = "com.apple.product-type.bundle.unit-test";
		};
		DD38CFD82A59993400D32B00 /* BookjamUITests */ = {
			isa = PBXNativeTarget;
			buildConfigurationList = DD38CFE92A59993400D32B00 /* Build configuration list for PBXNativeTarget "BookjamUITests" */;
			buildPhases = (
				83FC7DFC01649D32A54FADBC /* [CP] Check Pods Manifest.lock */,
				DD38CFD52A59993400D32B00 /* Sources */,
				DD38CFD62A59993400D32B00 /* Frameworks */,
				DD38CFD72A59993400D32B00 /* Resources */,
				7AA66BC5577705357EBF2202 /* [CP] Embed Pods Frameworks */,
				EEB1B159D7E35BD2384F3B29 /* [CP] Copy Pods Resources */,
			);
			buildRules = (
			);
			dependencies = (
				DD38CFDB2A59993400D32B00 /* PBXTargetDependency */,
			);
			name = BookjamUITests;
			productName = BookjamUITests;
			productReference = DD38CFD92A59993400D32B00 /* BookjamUITests.xctest */;
			productType = "com.apple.product-type.bundle.ui-testing";
		};
/* End PBXNativeTarget section */

/* Begin PBXProject section */
		DD38CFB12A59993400D32B00 /* Project object */ = {
			isa = PBXProject;
			attributes = {
				BuildIndependentTargetsInParallel = 1;
				LastSwiftUpdateCheck = 1430;
				LastUpgradeCheck = 1430;
				TargetAttributes = {
					DD38CFB82A59993400D32B00 = {
						CreatedOnToolsVersion = 14.3.1;
					};
					DD38CFCE2A59993400D32B00 = {
						CreatedOnToolsVersion = 14.3.1;
						TestTargetID = DD38CFB82A59993400D32B00;
					};
					DD38CFD82A59993400D32B00 = {
						CreatedOnToolsVersion = 14.3.1;
						TestTargetID = DD38CFB82A59993400D32B00;
					};
				};
			};
			buildConfigurationList = DD38CFB42A59993400D32B00 /* Build configuration list for PBXProject "Bookjam" */;
			compatibilityVersion = "Xcode 14.0";
			developmentRegion = en;
			hasScannedForEncodings = 0;
			knownRegions = (
				en,
				Base,
			);
			mainGroup = DD38CFB02A59993400D32B00;
			productRefGroup = DD38CFBA2A59993400D32B00 /* Products */;
			projectDirPath = "";
			projectRoot = "";
			targets = (
				DD38CFB82A59993400D32B00 /* Bookjam */,
				DD38CFCE2A59993400D32B00 /* BookjamTests */,
				DD38CFD82A59993400D32B00 /* BookjamUITests */,
			);
		};
/* End PBXProject section */

/* Begin PBXResourcesBuildPhase section */
		DD38CFB72A59993400D32B00 /* Resources */ = {
			isa = PBXResourcesBuildPhase;
			buildActionMask = 2147483647;
			files = (
				DD38CFC92A59993400D32B00 /* LaunchScreen.storyboard in Resources */,
				DD38CFC62A59993400D32B00 /* Assets.xcassets in Resources */,
				DD0148012A9DD5E20014196D /* SUIT-Variable.ttf in Resources */,
			);
			runOnlyForDeploymentPostprocessing = 0;
		};
		DD38CFCD2A59993400D32B00 /* Resources */ = {
			isa = PBXResourcesBuildPhase;
			buildActionMask = 2147483647;
			files = (
			);
			runOnlyForDeploymentPostprocessing = 0;
		};
		DD38CFD72A59993400D32B00 /* Resources */ = {
			isa = PBXResourcesBuildPhase;
			buildActionMask = 2147483647;
			files = (
			);
			runOnlyForDeploymentPostprocessing = 0;
		};
/* End PBXResourcesBuildPhase section */

/* Begin PBXShellScriptBuildPhase section */
		6901F32B9B82D3F60C123BDE /* [CP] Copy Pods Resources */ = {
			isa = PBXShellScriptBuildPhase;
			buildActionMask = 2147483647;
			files = (
			);
			inputFileListPaths = (
				"${PODS_ROOT}/Target Support Files/Pods-Bookjam/Pods-Bookjam-resources-${CONFIGURATION}-input-files.xcfilelist",
			);
			name = "[CP] Copy Pods Resources";
			outputFileListPaths = (
				"${PODS_ROOT}/Target Support Files/Pods-Bookjam/Pods-Bookjam-resources-${CONFIGURATION}-output-files.xcfilelist",
			);
			runOnlyForDeploymentPostprocessing = 0;
			shellPath = /bin/sh;
			shellScript = "\"${PODS_ROOT}/Target Support Files/Pods-Bookjam/Pods-Bookjam-resources.sh\"\n";
			showEnvVarsInLog = 0;
		};
		7AA66BC5577705357EBF2202 /* [CP] Embed Pods Frameworks */ = {
			isa = PBXShellScriptBuildPhase;
			buildActionMask = 2147483647;
			files = (
			);
			inputFileListPaths = (
				"${PODS_ROOT}/Target Support Files/Pods-Bookjam-BookjamUITests/Pods-Bookjam-BookjamUITests-frameworks-${CONFIGURATION}-input-files.xcfilelist",
			);
			name = "[CP] Embed Pods Frameworks";
			outputFileListPaths = (
				"${PODS_ROOT}/Target Support Files/Pods-Bookjam-BookjamUITests/Pods-Bookjam-BookjamUITests-frameworks-${CONFIGURATION}-output-files.xcfilelist",
			);
			runOnlyForDeploymentPostprocessing = 0;
			shellPath = /bin/sh;
			shellScript = "\"${PODS_ROOT}/Target Support Files/Pods-Bookjam-BookjamUITests/Pods-Bookjam-BookjamUITests-frameworks.sh\"\n";
			showEnvVarsInLog = 0;
		};
		83FC7DFC01649D32A54FADBC /* [CP] Check Pods Manifest.lock */ = {
			isa = PBXShellScriptBuildPhase;
			buildActionMask = 2147483647;
			files = (
			);
			inputFileListPaths = (
			);
			inputPaths = (
				"${PODS_PODFILE_DIR_PATH}/Podfile.lock",
				"${PODS_ROOT}/Manifest.lock",
			);
			name = "[CP] Check Pods Manifest.lock";
			outputFileListPaths = (
			);
			outputPaths = (
				"$(DERIVED_FILE_DIR)/Pods-Bookjam-BookjamUITests-checkManifestLockResult.txt",
			);
			runOnlyForDeploymentPostprocessing = 0;
			shellPath = /bin/sh;
			shellScript = "diff \"${PODS_PODFILE_DIR_PATH}/Podfile.lock\" \"${PODS_ROOT}/Manifest.lock\" > /dev/null\nif [ $? != 0 ] ; then\n    # print error to STDERR\n    echo \"error: The sandbox is not in sync with the Podfile.lock. Run 'pod install' or update your CocoaPods installation.\" >&2\n    exit 1\nfi\n# This output is used by Xcode 'outputs' to avoid re-running this script phase.\necho \"SUCCESS\" > \"${SCRIPT_OUTPUT_FILE_0}\"\n";
			showEnvVarsInLog = 0;
		};
		8D8D4C16400D1D98720322AB /* [CP] Check Pods Manifest.lock */ = {
			isa = PBXShellScriptBuildPhase;
			buildActionMask = 2147483647;
			files = (
			);
			inputFileListPaths = (
			);
			inputPaths = (
				"${PODS_PODFILE_DIR_PATH}/Podfile.lock",
				"${PODS_ROOT}/Manifest.lock",
			);
			name = "[CP] Check Pods Manifest.lock";
			outputFileListPaths = (
			);
			outputPaths = (
				"$(DERIVED_FILE_DIR)/Pods-BookjamTests-checkManifestLockResult.txt",
			);
			runOnlyForDeploymentPostprocessing = 0;
			shellPath = /bin/sh;
			shellScript = "diff \"${PODS_PODFILE_DIR_PATH}/Podfile.lock\" \"${PODS_ROOT}/Manifest.lock\" > /dev/null\nif [ $? != 0 ] ; then\n    # print error to STDERR\n    echo \"error: The sandbox is not in sync with the Podfile.lock. Run 'pod install' or update your CocoaPods installation.\" >&2\n    exit 1\nfi\n# This output is used by Xcode 'outputs' to avoid re-running this script phase.\necho \"SUCCESS\" > \"${SCRIPT_OUTPUT_FILE_0}\"\n";
			showEnvVarsInLog = 0;
		};
		9C372EDCE330BD7098C27715 /* [CP] Check Pods Manifest.lock */ = {
			isa = PBXShellScriptBuildPhase;
			buildActionMask = 2147483647;
			files = (
			);
			inputFileListPaths = (
			);
			inputPaths = (
				"${PODS_PODFILE_DIR_PATH}/Podfile.lock",
				"${PODS_ROOT}/Manifest.lock",
			);
			name = "[CP] Check Pods Manifest.lock";
			outputFileListPaths = (
			);
			outputPaths = (
				"$(DERIVED_FILE_DIR)/Pods-Bookjam-checkManifestLockResult.txt",
			);
			runOnlyForDeploymentPostprocessing = 0;
			shellPath = /bin/sh;
			shellScript = "diff \"${PODS_PODFILE_DIR_PATH}/Podfile.lock\" \"${PODS_ROOT}/Manifest.lock\" > /dev/null\nif [ $? != 0 ] ; then\n    # print error to STDERR\n    echo \"error: The sandbox is not in sync with the Podfile.lock. Run 'pod install' or update your CocoaPods installation.\" >&2\n    exit 1\nfi\n# This output is used by Xcode 'outputs' to avoid re-running this script phase.\necho \"SUCCESS\" > \"${SCRIPT_OUTPUT_FILE_0}\"\n";
			showEnvVarsInLog = 0;
		};
		C1C0516EEC3D447BF92D87E2 /* [CP] Embed Pods Frameworks */ = {
			isa = PBXShellScriptBuildPhase;
			buildActionMask = 2147483647;
			files = (
			);
			inputFileListPaths = (
				"${PODS_ROOT}/Target Support Files/Pods-Bookjam/Pods-Bookjam-frameworks-${CONFIGURATION}-input-files.xcfilelist",
			);
			name = "[CP] Embed Pods Frameworks";
			outputFileListPaths = (
				"${PODS_ROOT}/Target Support Files/Pods-Bookjam/Pods-Bookjam-frameworks-${CONFIGURATION}-output-files.xcfilelist",
			);
			runOnlyForDeploymentPostprocessing = 0;
			shellPath = /bin/sh;
			shellScript = "\"${PODS_ROOT}/Target Support Files/Pods-Bookjam/Pods-Bookjam-frameworks.sh\"\n";
			showEnvVarsInLog = 0;
		};
		EEB1B159D7E35BD2384F3B29 /* [CP] Copy Pods Resources */ = {
			isa = PBXShellScriptBuildPhase;
			buildActionMask = 2147483647;
			files = (
			);
			inputFileListPaths = (
				"${PODS_ROOT}/Target Support Files/Pods-Bookjam-BookjamUITests/Pods-Bookjam-BookjamUITests-resources-${CONFIGURATION}-input-files.xcfilelist",
			);
			name = "[CP] Copy Pods Resources";
			outputFileListPaths = (
				"${PODS_ROOT}/Target Support Files/Pods-Bookjam-BookjamUITests/Pods-Bookjam-BookjamUITests-resources-${CONFIGURATION}-output-files.xcfilelist",
			);
			runOnlyForDeploymentPostprocessing = 0;
			shellPath = /bin/sh;
			shellScript = "\"${PODS_ROOT}/Target Support Files/Pods-Bookjam-BookjamUITests/Pods-Bookjam-BookjamUITests-resources.sh\"\n";
			showEnvVarsInLog = 0;
		};
/* End PBXShellScriptBuildPhase section */

/* Begin PBXSourcesBuildPhase section */
		DD38CFB52A59993400D32B00 /* Sources */ = {
			isa = PBXSourcesBuildPhase;
			buildActionMask = 2147483647;
			files = (
				DDAECC2E2A93625900B3D676 /* UsersReviews.swift in Sources */,
				941A30FE2A6260D0008152CC /* Onboarding03VC.swift in Sources */,
				9423934F2A8B61DC000E46BF /* KeywordSearch.swift in Sources */,
				DD9212A82A88A41D00EE6863 /* SearchEnterResultVC.swift in Sources */,
				DD829C4B2A84D96E00B22754 /* BookStoreActvityDetailVC.swift in Sources */,
				DDD74A982A8C1814008C999F /* FeedPostCheckPopUpVC.swift in Sources */,
				DDD74A922A8BF3B8008C999F /* SelectVisitDatePopUpVC.swift in Sources */,
				DDAECC282A9334E300B3D676 /* RecordImages.swift in Sources */,
				947ED6672A9162DE0037FB38 /* PlaceIdReviews.swift in Sources */,
				DD79942E2A8A0E8C0066CFB7 /* FeedUserTableViewCell.swift in Sources */,
				9411770F2A7A939D00847F26 /* MainPageBookStoreTableViewCell.swift in Sources */,
				DDDD436C2A5AD5140093CBD1 /* Onboarding01VC.swift in Sources */,
				9411771B2A83BFC400847F26 /* ActivityFrameView.swift in Sources */,
				DDD74A962A8C156D008C999F /* SearchActivityPopUpVC.swift in Sources */,
				DD829C4D2A85045E00B22754 /* BookStoreReviewDetailVC.swift in Sources */,
				DD7994282A89F4610066CFB7 /* FeedPostTableViewCell.swift in Sources */,
				947ED6612A8F8D030037FB38 /* PlaceIdNews.swift in Sources */,
				DDC0901A2A79226F00CDCC8A /* BookInfo.swift in Sources */,
				DDC4450B2A80D231000FE1C7 /* UIImage+.swift in Sources */,
				DD4889412A6FB2C800F878C0 /* FriendInfoTableViewCell.swift in Sources */,
				947ED6692A9394310037FB38 /* MainPageInfoViewController.swift in Sources */,
				DDB0F2D32A8897E3005A8316 /* SearchPageVC.swift in Sources */,
				DDC6EA9E2A61AA3000C4B127 /* Onboarding07VC.swift in Sources */,
				DDB0F2CB2A8801D7005A8316 /* VisitReviewPhotoCollectionViewCell.swift in Sources */,
				DDB9074C2A73B0A6000A24F0 /* BookstoreDetailPageVC.swift in Sources */,
				DDD74A8E2A8BC9EB008C999F /* Token.swift in Sources */,
				DDD74A8A2A8B41EF008C999F /* FeedPostPageVC.swift in Sources */,
				DD38CFC12A59993400D32B00 /* ViewController.swift in Sources */,
				DDD74A942A8C0AA7008C999F /* SearchBookPopUpVC.swift in Sources */,
				DDC4450F2A80E1E0000FE1C7 /* UIView+.swift in Sources */,
				94D658F82A712FF300E7F183 /* MainPageVC.swift in Sources */,
				DD7994322A8A36AF0066CFB7 /* ReviewTableViewCell.swift in Sources */,
				941177212A8A117100847F26 /* GetPlaces.swift in Sources */,
				94D658FE2A71653A00E7F183 /* LocationPageVC.swift in Sources */,
				DDC6EAA02A61B0B500C4B127 /* Onboarding08VC.swift in Sources */,
				DDAECC2A2A934E1100B3D676 /* UsersOutline.swift in Sources */,
				DDC6EA972A6142EB00C4B127 /* Onboarding04VC.swift in Sources */,
				941177172A83381E00847F26 /* MyRecordBookStoreView.swift in Sources */,
				941177112A7EC81500847F26 /* BookStoreMain.swift in Sources */,
				DDAECC262A9321F900B3D676 /* BooksList.swift in Sources */,
				94D659052A76BFE800E7F183 /* FeedPageVC.swift in Sources */,
				DD98D56F2A7AE44E002CCD4F /* VisitReviewTableViewCell.swift in Sources */,
				DD58E6162A760CA40026BEE1 /* FontData.swift in Sources */,
				941A31012A6A8DCA008152CC /* UserInfo.swift in Sources */,
				DDD74A8C2A8B9FA2008C999F /* SearchPlacePopUpVC.swift in Sources */,
				DDC090142A790B7F00CDCC8A /* BookListTableViewCell.swift in Sources */,
				DD2A4E032A8E1B7200D7A6B8 /* RecommendFriend.swift in Sources */,
				DDD5DAB62A7DD40D0052C3EB /* TabBarController.swift in Sources */,
				DDAECC302A93744800B3D676 /* UsersRecords.swift in Sources */,
				DD1022412A82C94000F74CC6 /* APIModel.swift in Sources */,
				DDC6EAA22A61B38E00C4B127 /* Onboarding09VC.swift in Sources */,
				941177132A82705800847F26 /* ActivityParticipateCollectionViewCell.swift in Sources */,
				DDE516E52A9486E40023C70C /* RecordFriend.swift in Sources */,
				9411770C2A7984A500847F26 /* BookStoreDetailReviewView.swift in Sources */,
				DD33A3012A8380D000D4D7C3 /* SearchFriend.swift in Sources */,
				94D659012A7165AB00E7F183 /* MyPageVC.swift in Sources */,
				DDC6EA9C2A61A42600C4B127 /* Onboarding06VC.swift in Sources */,
				947ED65F2A8E44250037FB38 /* PlaceId.swift in Sources */,
				DD81DB642A7BED1600E8DD42 /* ActivityTableViewCell.swift in Sources */,
				DDB0F2CD2A88751A005A8316 /* Login.swift in Sources */,
				DD79942A2A89F4850066CFB7 /* TableViewCell.swift in Sources */,
				DDDBBF632A811CF500B2C2C9 /* BookStoreDetailActivityView.swift in Sources */,
				DD2D1A0A2A81EF8A003AEEA6 /* ChangeProfileVC.swift in Sources */,
				DDAECC1F2A90DEB300B3D676 /* ReviewContent.swift in Sources */,
				DD79942C2A8A0C770066CFB7 /* UserSearchPageVC.swift in Sources */,
				DDC445092A80D1A5000FE1C7 /* UIScrollView+.swift in Sources */,
				DDD5DAB82A7E539C0052C3EB /* BookStorePhotoCollectionViewCell.swift in Sources */,
				DD48893F2A6FAE8D00F878C0 /* FriendInfo.swift in Sources */,
				DD81DB622A7BDC8B00E8DD42 /* ActivityInfo.swift in Sources */,
				DDAECC322A93EA2B00B3D676 /* RecommendFriendPopUpVC.swift in Sources */,
				DD35407B2A83BC0900B5A9A3 /* LoginVC.swift in Sources */,
				DDC445072A80D10B000FE1C7 /* UIViewController+.swift in Sources */,
				DDD74A9A2A8C1F1B008C999F /* Record.swift in Sources */,
				DD3A22132A7CD0E400E7B423 /* NewsTableViewCell.swift in Sources */,
				DDD74A902A8BDD6A008C999F /* PlaceSearchTableViewCell.swift in Sources */,
				9411771E2A85298200847F26 /* EmailDuplicate.swift in Sources */,
				DDC090182A79225300CDCC8A /* NewsInfo.swift in Sources */,
				DD4E84752A7EA2C4004E373E /* BookListCollectionViewCell.swift in Sources */,
				DD38CFBD2A59993400D32B00 /* AppDelegate.swift in Sources */,
				DD58E6142A760A0A0026BEE1 /* ColorData.swift in Sources */,
				DDAECC222A924AD600B3D676 /* BookStoreChoiceDateVC.swift in Sources */,
				941177252A8A295000847F26 /* SingUp.swift in Sources */,
				DDCBC1242A865A7000694CBD /* BookStoreWriteReviewVC.swift in Sources */,
				DDC4450D2A80E0BE000FE1C7 /* UIColor+.swift in Sources */,
				DDAECC242A931C2C00B3D676 /* BookSearchTableViewCell.swift in Sources */,
				DD52B0402A829B9400A5E3A3 /* APIManager.swift in Sources */,
				DD2D1A082A81D4D8003AEEA6 /* UserPageVC.swift in Sources */,
				DD33A2FC2A8373EC00D4D7C3 /* APIConstant.swift in Sources */,
				DDB0F2D62A8899E8005A8316 /* SearchResultTableViewCell.swift in Sources */,
				9411770B2A7984A100847F26 /* BookStoreDetailNewsView.swift in Sources */,
				941177192A83826B00847F26 /* MyReviewBookStoreView.swift in Sources */,
				941177052A79727200847F26 /* BookStoreDetailHomeView.swift in Sources */,
				DD7994302A8A2EEF0066CFB7 /* BookPostDetailVC.swift in Sources */,
				DD38CFBF2A59993400D32B00 /* SceneDelegate.swift in Sources */,
				DDAECC2C2A93591700B3D676 /* UsersActivities.swift in Sources */,
				947ED6632A90DA970037FB38 /* PlaceIdBooks.swift in Sources */,
				9411771D2A84F6C400847F26 /* LikeActivityBookStoreView.swift in Sources */,
				947ED6652A90DCC10037FB38 /* PlaceIdActivities.swift in Sources */,
				DD81DB602A7BC21900E8DD42 /* ReviewInfo.swift in Sources */,
				DDFFD9E32A7F66280095F76A /* BookActivityCollectionViewCell.swift in Sources */,
				DDE964252A639D5E00AEF810 /* Onboarding05VC.swift in Sources */,
				DDAECC212A91DFFB00B3D676 /* ReviewImage.swift in Sources */,
				DDF844802A765A610035D112 /* BookStoreDetailBookListView.swift in Sources */,
			);
			runOnlyForDeploymentPostprocessing = 0;
		};
		DD38CFCB2A59993400D32B00 /* Sources */ = {
			isa = PBXSourcesBuildPhase;
			buildActionMask = 2147483647;
			files = (
				DD38CFD42A59993400D32B00 /* BookjamTests.swift in Sources */,
			);
			runOnlyForDeploymentPostprocessing = 0;
		};
		DD38CFD52A59993400D32B00 /* Sources */ = {
			isa = PBXSourcesBuildPhase;
			buildActionMask = 2147483647;
			files = (
				DD38CFE02A59993400D32B00 /* BookjamUITestsLaunchTests.swift in Sources */,
				DD38CFDE2A59993400D32B00 /* BookjamUITests.swift in Sources */,
			);
			runOnlyForDeploymentPostprocessing = 0;
		};
/* End PBXSourcesBuildPhase section */

/* Begin PBXTargetDependency section */
		DD38CFD12A59993400D32B00 /* PBXTargetDependency */ = {
			isa = PBXTargetDependency;
			target = DD38CFB82A59993400D32B00 /* Bookjam */;
			targetProxy = DD38CFD02A59993400D32B00 /* PBXContainerItemProxy */;
		};
		DD38CFDB2A59993400D32B00 /* PBXTargetDependency */ = {
			isa = PBXTargetDependency;
			target = DD38CFB82A59993400D32B00 /* Bookjam */;
			targetProxy = DD38CFDA2A59993400D32B00 /* PBXContainerItemProxy */;
		};
/* End PBXTargetDependency section */

/* Begin PBXVariantGroup section */
		DD38CFC72A59993400D32B00 /* LaunchScreen.storyboard */ = {
			isa = PBXVariantGroup;
			children = (
				DD38CFC82A59993400D32B00 /* Base */,
			);
			name = LaunchScreen.storyboard;
			sourceTree = "<group>";
		};
/* End PBXVariantGroup section */

/* Begin XCBuildConfiguration section */
		DD38CFE12A59993400D32B00 /* Debug */ = {
			isa = XCBuildConfiguration;
			buildSettings = {
				ALWAYS_SEARCH_USER_PATHS = NO;
				CLANG_ANALYZER_NONNULL = YES;
				CLANG_ANALYZER_NUMBER_OBJECT_CONVERSION = YES_AGGRESSIVE;
				CLANG_CXX_LANGUAGE_STANDARD = "gnu++20";
				CLANG_ENABLE_MODULES = YES;
				CLANG_ENABLE_OBJC_ARC = YES;
				CLANG_ENABLE_OBJC_WEAK = YES;
				CLANG_WARN_BLOCK_CAPTURE_AUTORELEASING = YES;
				CLANG_WARN_BOOL_CONVERSION = YES;
				CLANG_WARN_COMMA = YES;
				CLANG_WARN_CONSTANT_CONVERSION = YES;
				CLANG_WARN_DEPRECATED_OBJC_IMPLEMENTATIONS = YES;
				CLANG_WARN_DIRECT_OBJC_ISA_USAGE = YES_ERROR;
				CLANG_WARN_DOCUMENTATION_COMMENTS = YES;
				CLANG_WARN_EMPTY_BODY = YES;
				CLANG_WARN_ENUM_CONVERSION = YES;
				CLANG_WARN_INFINITE_RECURSION = YES;
				CLANG_WARN_INT_CONVERSION = YES;
				CLANG_WARN_NON_LITERAL_NULL_CONVERSION = YES;
				CLANG_WARN_OBJC_IMPLICIT_RETAIN_SELF = YES;
				CLANG_WARN_OBJC_LITERAL_CONVERSION = YES;
				CLANG_WARN_OBJC_ROOT_CLASS = YES_ERROR;
				CLANG_WARN_QUOTED_INCLUDE_IN_FRAMEWORK_HEADER = YES;
				CLANG_WARN_RANGE_LOOP_ANALYSIS = YES;
				CLANG_WARN_STRICT_PROTOTYPES = YES;
				CLANG_WARN_SUSPICIOUS_MOVE = YES;
				CLANG_WARN_UNGUARDED_AVAILABILITY = YES_AGGRESSIVE;
				CLANG_WARN_UNREACHABLE_CODE = YES;
				CLANG_WARN__DUPLICATE_METHOD_MATCH = YES;
				CODE_SIGN_IDENTITY = "Apple Development";
				COPY_PHASE_STRIP = NO;
				DEBUG_INFORMATION_FORMAT = dwarf;
				ENABLE_STRICT_OBJC_MSGSEND = YES;
				ENABLE_TESTABILITY = YES;
				GCC_C_LANGUAGE_STANDARD = gnu11;
				GCC_DYNAMIC_NO_PIC = NO;
				GCC_NO_COMMON_BLOCKS = YES;
				GCC_OPTIMIZATION_LEVEL = 0;
				GCC_PREPROCESSOR_DEFINITIONS = (
					"DEBUG=1",
					"$(inherited)",
				);
				GCC_WARN_64_TO_32_BIT_CONVERSION = YES;
				GCC_WARN_ABOUT_RETURN_TYPE = YES_ERROR;
				GCC_WARN_UNDECLARED_SELECTOR = YES;
				GCC_WARN_UNINITIALIZED_AUTOS = YES_AGGRESSIVE;
				GCC_WARN_UNUSED_FUNCTION = YES;
				GCC_WARN_UNUSED_VARIABLE = YES;
				IPHONEOS_DEPLOYMENT_TARGET = 15.0;
				MTL_ENABLE_DEBUG_INFO = INCLUDE_SOURCE;
				MTL_FAST_MATH = YES;
				ONLY_ACTIVE_ARCH = YES;
				SDKROOT = iphoneos;
				SWIFT_ACTIVE_COMPILATION_CONDITIONS = DEBUG;
				SWIFT_OPTIMIZATION_LEVEL = "-Onone";
			};
			name = Debug;
		};
		DD38CFE22A59993400D32B00 /* Release */ = {
			isa = XCBuildConfiguration;
			buildSettings = {
				ALWAYS_SEARCH_USER_PATHS = NO;
				CLANG_ANALYZER_NONNULL = YES;
				CLANG_ANALYZER_NUMBER_OBJECT_CONVERSION = YES_AGGRESSIVE;
				CLANG_CXX_LANGUAGE_STANDARD = "gnu++20";
				CLANG_ENABLE_MODULES = YES;
				CLANG_ENABLE_OBJC_ARC = YES;
				CLANG_ENABLE_OBJC_WEAK = YES;
				CLANG_WARN_BLOCK_CAPTURE_AUTORELEASING = YES;
				CLANG_WARN_BOOL_CONVERSION = YES;
				CLANG_WARN_COMMA = YES;
				CLANG_WARN_CONSTANT_CONVERSION = YES;
				CLANG_WARN_DEPRECATED_OBJC_IMPLEMENTATIONS = YES;
				CLANG_WARN_DIRECT_OBJC_ISA_USAGE = YES_ERROR;
				CLANG_WARN_DOCUMENTATION_COMMENTS = YES;
				CLANG_WARN_EMPTY_BODY = YES;
				CLANG_WARN_ENUM_CONVERSION = YES;
				CLANG_WARN_INFINITE_RECURSION = YES;
				CLANG_WARN_INT_CONVERSION = YES;
				CLANG_WARN_NON_LITERAL_NULL_CONVERSION = YES;
				CLANG_WARN_OBJC_IMPLICIT_RETAIN_SELF = YES;
				CLANG_WARN_OBJC_LITERAL_CONVERSION = YES;
				CLANG_WARN_OBJC_ROOT_CLASS = YES_ERROR;
				CLANG_WARN_QUOTED_INCLUDE_IN_FRAMEWORK_HEADER = YES;
				CLANG_WARN_RANGE_LOOP_ANALYSIS = YES;
				CLANG_WARN_STRICT_PROTOTYPES = YES;
				CLANG_WARN_SUSPICIOUS_MOVE = YES;
				CLANG_WARN_UNGUARDED_AVAILABILITY = YES_AGGRESSIVE;
				CLANG_WARN_UNREACHABLE_CODE = YES;
				CLANG_WARN__DUPLICATE_METHOD_MATCH = YES;
				CODE_SIGN_IDENTITY = "Apple Development";
				COPY_PHASE_STRIP = NO;
				DEBUG_INFORMATION_FORMAT = "dwarf-with-dsym";
				ENABLE_NS_ASSERTIONS = NO;
				ENABLE_STRICT_OBJC_MSGSEND = YES;
				GCC_C_LANGUAGE_STANDARD = gnu11;
				GCC_NO_COMMON_BLOCKS = YES;
				GCC_WARN_64_TO_32_BIT_CONVERSION = YES;
				GCC_WARN_ABOUT_RETURN_TYPE = YES_ERROR;
				GCC_WARN_UNDECLARED_SELECTOR = YES;
				GCC_WARN_UNINITIALIZED_AUTOS = YES_AGGRESSIVE;
				GCC_WARN_UNUSED_FUNCTION = YES;
				GCC_WARN_UNUSED_VARIABLE = YES;
				IPHONEOS_DEPLOYMENT_TARGET = 15.0;
				MTL_ENABLE_DEBUG_INFO = NO;
				MTL_FAST_MATH = YES;
				SDKROOT = iphoneos;
				SWIFT_COMPILATION_MODE = wholemodule;
				SWIFT_OPTIMIZATION_LEVEL = "-O";
				VALIDATE_PRODUCT = YES;
			};
			name = Release;
		};
		DD38CFE42A59993400D32B00 /* Debug */ = {
			isa = XCBuildConfiguration;
			baseConfigurationReference = CAEDA6440DB30BEB7BAF980E /* Pods-Bookjam.debug.xcconfig */;
			buildSettings = {
				ASSETCATALOG_COMPILER_APPICON_NAME = AppIcon;
				ASSETCATALOG_COMPILER_GLOBAL_ACCENT_COLOR_NAME = AccentColor;
				CODE_SIGN_ENTITLEMENTS = Bookjam/Bookjam.entitlements;
				CODE_SIGN_IDENTITY = "Apple Development";
				"CODE_SIGN_IDENTITY[sdk=iphoneos*]" = "iPhone Developer";
				CODE_SIGN_STYLE = Manual;
				CURRENT_PROJECT_VERSION = 23;
				DEVELOPMENT_TEAM = "";
				"DEVELOPMENT_TEAM[sdk=iphoneos*]" = 2DF5SKQK2R;
				GENERATE_INFOPLIST_FILE = YES;
				INFOPLIST_FILE = Bookjam/Resource/Info.plist;
				INFOPLIST_KEY_CFBundleDisplayName = "북잼";
				INFOPLIST_KEY_NSCameraUsageDescription = "카메라 접근 권한";
				INFOPLIST_KEY_NSLocationWhenInUseUsageDescription = "가까운 상점 정보를 받아오기 위해 위치 수집을 허용해주세요.";
				INFOPLIST_KEY_NSPhotoLibraryUsageDescription = "앨범 접근 권한";
				INFOPLIST_KEY_UIApplicationSupportsIndirectInputEvents = YES;
				INFOPLIST_KEY_UILaunchStoryboardName = LaunchScreen;
				INFOPLIST_KEY_UISupportedInterfaceOrientations_iPad = "UIInterfaceOrientationPortrait UIInterfaceOrientationPortraitUpsideDown UIInterfaceOrientationLandscapeLeft UIInterfaceOrientationLandscapeRight";
				INFOPLIST_KEY_UISupportedInterfaceOrientations_iPhone = "UIInterfaceOrientationPortrait UIInterfaceOrientationLandscapeLeft UIInterfaceOrientationLandscapeRight";
				IPHONEOS_DEPLOYMENT_TARGET = 15.0;
				LD_RUNPATH_SEARCH_PATHS = (
					"$(inherited)",
					"@executable_path/Frameworks",
				);
				MARKETING_VERSION = 1.0;
				PRODUCT_BUNDLE_IDENTIFIER = com.youz2me.Bookjam;
				PRODUCT_NAME = "$(TARGET_NAME)";
				PROVISIONING_PROFILE_SPECIFIER = "";
				"PROVISIONING_PROFILE_SPECIFIER[sdk=iphoneos*]" = Bookjam;
				SWIFT_EMIT_LOC_STRINGS = YES;
				SWIFT_VERSION = 5.0;
				TARGETED_DEVICE_FAMILY = "1,2";
			};
			name = Debug;
		};
		DD38CFE52A59993400D32B00 /* Release */ = {
			isa = XCBuildConfiguration;
			baseConfigurationReference = 6CF20512EC3BB55ACCE6EF83 /* Pods-Bookjam.release.xcconfig */;
			buildSettings = {
				ASSETCATALOG_COMPILER_APPICON_NAME = AppIcon;
				ASSETCATALOG_COMPILER_GLOBAL_ACCENT_COLOR_NAME = AccentColor;
				CODE_SIGN_ENTITLEMENTS = Bookjam/Bookjam.entitlements;
				CODE_SIGN_IDENTITY = "Apple Development";
				"CODE_SIGN_IDENTITY[sdk=iphoneos*]" = "iPhone Developer";
				CODE_SIGN_STYLE = Manual;
				CURRENT_PROJECT_VERSION = 23;
				DEVELOPMENT_TEAM = "";
				"DEVELOPMENT_TEAM[sdk=iphoneos*]" = 2DF5SKQK2R;
				GENERATE_INFOPLIST_FILE = YES;
				INFOPLIST_FILE = Bookjam/Resource/Info.plist;
				INFOPLIST_KEY_CFBundleDisplayName = "북잼";
				INFOPLIST_KEY_NSCameraUsageDescription = "카메라 접근 권한";
				INFOPLIST_KEY_NSLocationWhenInUseUsageDescription = "가까운 상점 정보를 받아오기 위해 위치 수집을 허용해주세요.";
				INFOPLIST_KEY_NSPhotoLibraryUsageDescription = "앨범 접근 권한";
				INFOPLIST_KEY_UIApplicationSupportsIndirectInputEvents = YES;
				INFOPLIST_KEY_UILaunchStoryboardName = LaunchScreen;
				INFOPLIST_KEY_UISupportedInterfaceOrientations_iPad = "UIInterfaceOrientationPortrait UIInterfaceOrientationPortraitUpsideDown UIInterfaceOrientationLandscapeLeft UIInterfaceOrientationLandscapeRight";
				INFOPLIST_KEY_UISupportedInterfaceOrientations_iPhone = "UIInterfaceOrientationPortrait UIInterfaceOrientationLandscapeLeft UIInterfaceOrientationLandscapeRight";
				IPHONEOS_DEPLOYMENT_TARGET = 15.0;
				LD_RUNPATH_SEARCH_PATHS = (
					"$(inherited)",
					"@executable_path/Frameworks",
				);
				MARKETING_VERSION = 1.0;
				PRODUCT_BUNDLE_IDENTIFIER = com.youz2me.Bookjam;
				PRODUCT_NAME = "$(TARGET_NAME)";
				PROVISIONING_PROFILE_SPECIFIER = "";
				"PROVISIONING_PROFILE_SPECIFIER[sdk=iphoneos*]" = Bookjam;
				SWIFT_EMIT_LOC_STRINGS = YES;
				SWIFT_VERSION = 5.0;
				TARGETED_DEVICE_FAMILY = "1,2";
			};
			name = Release;
		};
		DD38CFE72A59993400D32B00 /* Debug */ = {
			isa = XCBuildConfiguration;
			baseConfigurationReference = 8D5C2379B29DA2D1BF353C4F /* Pods-BookjamTests.debug.xcconfig */;
			buildSettings = {
				ALWAYS_EMBED_SWIFT_STANDARD_LIBRARIES = YES;
				BUNDLE_LOADER = "$(TEST_HOST)";
				CODE_SIGN_STYLE = Automatic;
				CURRENT_PROJECT_VERSION = 1;
				DEVELOPMENT_TEAM = 2DF5SKQK2R;
				GENERATE_INFOPLIST_FILE = YES;
				IPHONEOS_DEPLOYMENT_TARGET = 16.4;
				MARKETING_VERSION = 1.0;
				PRODUCT_BUNDLE_IDENTIFIER = com.youz2me.BookjamTests;
				PRODUCT_NAME = "$(TARGET_NAME)";
				SWIFT_EMIT_LOC_STRINGS = NO;
				SWIFT_VERSION = 5.0;
				TARGETED_DEVICE_FAMILY = "1,2";
				TEST_HOST = "$(BUILT_PRODUCTS_DIR)/Bookjam.app/$(BUNDLE_EXECUTABLE_FOLDER_PATH)/Bookjam";
			};
			name = Debug;
		};
		DD38CFE82A59993400D32B00 /* Release */ = {
			isa = XCBuildConfiguration;
			baseConfigurationReference = B0FFA03A0490112340DD11C1 /* Pods-BookjamTests.release.xcconfig */;
			buildSettings = {
				ALWAYS_EMBED_SWIFT_STANDARD_LIBRARIES = YES;
				BUNDLE_LOADER = "$(TEST_HOST)";
				CODE_SIGN_STYLE = Automatic;
				CURRENT_PROJECT_VERSION = 1;
				DEVELOPMENT_TEAM = 2DF5SKQK2R;
				GENERATE_INFOPLIST_FILE = YES;
				IPHONEOS_DEPLOYMENT_TARGET = 16.4;
				MARKETING_VERSION = 1.0;
				PRODUCT_BUNDLE_IDENTIFIER = com.youz2me.BookjamTests;
				PRODUCT_NAME = "$(TARGET_NAME)";
				SWIFT_EMIT_LOC_STRINGS = NO;
				SWIFT_VERSION = 5.0;
				TARGETED_DEVICE_FAMILY = "1,2";
				TEST_HOST = "$(BUILT_PRODUCTS_DIR)/Bookjam.app/$(BUNDLE_EXECUTABLE_FOLDER_PATH)/Bookjam";
			};
			name = Release;
		};
		DD38CFEA2A59993400D32B00 /* Debug */ = {
			isa = XCBuildConfiguration;
			baseConfigurationReference = 36512DFE3D67D88B20E57B9E /* Pods-Bookjam-BookjamUITests.debug.xcconfig */;
			buildSettings = {
				ALWAYS_EMBED_SWIFT_STANDARD_LIBRARIES = YES;
				CODE_SIGN_STYLE = Automatic;
				CURRENT_PROJECT_VERSION = 1;
				DEVELOPMENT_TEAM = 2DF5SKQK2R;
				GENERATE_INFOPLIST_FILE = YES;
				MARKETING_VERSION = 1.0;
				PRODUCT_BUNDLE_IDENTIFIER = com.youz2me.BookjamUITests;
				PRODUCT_NAME = "$(TARGET_NAME)";
				SWIFT_EMIT_LOC_STRINGS = NO;
				SWIFT_VERSION = 5.0;
				TARGETED_DEVICE_FAMILY = "1,2";
				TEST_TARGET_NAME = Bookjam;
			};
			name = Debug;
		};
		DD38CFEB2A59993400D32B00 /* Release */ = {
			isa = XCBuildConfiguration;
			baseConfigurationReference = 6F687D70DC26FAB7B740C979 /* Pods-Bookjam-BookjamUITests.release.xcconfig */;
			buildSettings = {
				ALWAYS_EMBED_SWIFT_STANDARD_LIBRARIES = YES;
				CODE_SIGN_STYLE = Automatic;
				CURRENT_PROJECT_VERSION = 1;
				DEVELOPMENT_TEAM = 2DF5SKQK2R;
				GENERATE_INFOPLIST_FILE = YES;
				MARKETING_VERSION = 1.0;
				PRODUCT_BUNDLE_IDENTIFIER = com.youz2me.BookjamUITests;
				PRODUCT_NAME = "$(TARGET_NAME)";
				SWIFT_EMIT_LOC_STRINGS = NO;
				SWIFT_VERSION = 5.0;
				TARGETED_DEVICE_FAMILY = "1,2";
				TEST_TARGET_NAME = Bookjam;
			};
			name = Release;
		};
/* End XCBuildConfiguration section */

/* Begin XCConfigurationList section */
		DD38CFB42A59993400D32B00 /* Build configuration list for PBXProject "Bookjam" */ = {
			isa = XCConfigurationList;
			buildConfigurations = (
				DD38CFE12A59993400D32B00 /* Debug */,
				DD38CFE22A59993400D32B00 /* Release */,
			);
			defaultConfigurationIsVisible = 0;
			defaultConfigurationName = Release;
		};
		DD38CFE32A59993400D32B00 /* Build configuration list for PBXNativeTarget "Bookjam" */ = {
			isa = XCConfigurationList;
			buildConfigurations = (
				DD38CFE42A59993400D32B00 /* Debug */,
				DD38CFE52A59993400D32B00 /* Release */,
			);
			defaultConfigurationIsVisible = 0;
			defaultConfigurationName = Release;
		};
		DD38CFE62A59993400D32B00 /* Build configuration list for PBXNativeTarget "BookjamTests" */ = {
			isa = XCConfigurationList;
			buildConfigurations = (
				DD38CFE72A59993400D32B00 /* Debug */,
				DD38CFE82A59993400D32B00 /* Release */,
			);
			defaultConfigurationIsVisible = 0;
			defaultConfigurationName = Release;
		};
		DD38CFE92A59993400D32B00 /* Build configuration list for PBXNativeTarget "BookjamUITests" */ = {
			isa = XCConfigurationList;
			buildConfigurations = (
				DD38CFEA2A59993400D32B00 /* Debug */,
				DD38CFEB2A59993400D32B00 /* Release */,
			);
			defaultConfigurationIsVisible = 0;
			defaultConfigurationName = Release;
		};
/* End XCConfigurationList section */
	};
	rootObject = DD38CFB12A59993400D32B00 /* Project object */;
}
